// !$*UTF8*$!
{
	archiveVersion = 1;
	classes = {
	};
	objectVersion = 46;
	objects = {

/* Begin PBXBuildFile section */
		0C1219B417FA0EEE00462E1B /* star-gray.png in Resources */ = {isa = PBXBuildFile; fileRef = 0C1219B217FA0EEE00462E1B /* star-gray.png */; };
		0C1219B517FA0EEE00462E1B /* star-gray@2x.png in Resources */ = {isa = PBXBuildFile; fileRef = 0C1219B317FA0EEE00462E1B /* star-gray@2x.png */; };
		0C204F1117EE0429006AB37C /* libTestFlight.a in Frameworks */ = {isa = PBXBuildFile; fileRef = 0C204F0B17EE0429006AB37C /* libTestFlight.a */; };
		0C204F1217EE0429006AB37C /* README.md in Resources */ = {isa = PBXBuildFile; fileRef = 0C204F0C17EE0429006AB37C /* README.md */; };
		0C204F1317EE0429006AB37C /* release_notes.md in Resources */ = {isa = PBXBuildFile; fileRef = 0C204F0D17EE0429006AB37C /* release_notes.md */; };
		0C204F1517EE054C006AB37C /* libz.dylib in Frameworks */ = {isa = PBXBuildFile; fileRef = 0C204F1417EE054C006AB37C /* libz.dylib */; };
		0C29ABEB17FC70ED00227734 /* profile.png in Resources */ = {isa = PBXBuildFile; fileRef = 0C29ABE917FC70ED00227734 /* profile.png */; };
		0C29ABEC17FC70ED00227734 /* profile@2x.png in Resources */ = {isa = PBXBuildFile; fileRef = 0C29ABEA17FC70ED00227734 /* profile@2x.png */; };
		0C29ABF317FC73EC00227734 /* like.png in Resources */ = {isa = PBXBuildFile; fileRef = 0C29ABF117FC73EC00227734 /* like.png */; };
		0C29ABF417FC73EC00227734 /* like@2x.png in Resources */ = {isa = PBXBuildFile; fileRef = 0C29ABF217FC73EC00227734 /* like@2x.png */; };
		0C29ABF717FC755A00227734 /* tab-star.png in Resources */ = {isa = PBXBuildFile; fileRef = 0C29ABF517FC755A00227734 /* tab-star.png */; };
		0C29ABF817FC755A00227734 /* tab-star@2x.png in Resources */ = {isa = PBXBuildFile; fileRef = 0C29ABF617FC755A00227734 /* tab-star@2x.png */; };
		0C29ABFB17FC76C600227734 /* home.png in Resources */ = {isa = PBXBuildFile; fileRef = 0C29ABF917FC76C600227734 /* home.png */; };
		0C29ABFC17FC76C600227734 /* home@2x.png in Resources */ = {isa = PBXBuildFile; fileRef = 0C29ABFA17FC76C600227734 /* home@2x.png */; };
		0C2C710617FBA02E0090CFD6 /* BorkProfileViewController.m in Sources */ = {isa = PBXBuildFile; fileRef = 0C2C710517FBA02E0090CFD6 /* BorkProfileViewController.m */; };
		0C475B9917FB20F100DB0D3E /* Bork.m in Sources */ = {isa = PBXBuildFile; fileRef = 0C475B9817FB20F100DB0D3E /* Bork.m */; };
		0C61DACF17F4ACD40066630B /* MCSwipeTableViewCell.m in Sources */ = {isa = PBXBuildFile; fileRef = 0C61DACE17F4ACD40066630B /* MCSwipeTableViewCell.m */; };
		0C61DAD817F4B4F20066630B /* check.png in Resources */ = {isa = PBXBuildFile; fileRef = 0C61DAD017F4B4F20066630B /* check.png */; };
		0C61DAD917F4B4F20066630B /* check@2x.png in Resources */ = {isa = PBXBuildFile; fileRef = 0C61DAD117F4B4F20066630B /* check@2x.png */; };
		0C61DADA17F4B4F20066630B /* clock.png in Resources */ = {isa = PBXBuildFile; fileRef = 0C61DAD217F4B4F20066630B /* clock.png */; };
		0C61DADB17F4B4F20066630B /* clock@2x.png in Resources */ = {isa = PBXBuildFile; fileRef = 0C61DAD317F4B4F20066630B /* clock@2x.png */; };
		0C61DADC17F4B4F20066630B /* cross.png in Resources */ = {isa = PBXBuildFile; fileRef = 0C61DAD417F4B4F20066630B /* cross.png */; };
		0C61DADD17F4B4F20066630B /* cross@2x.png in Resources */ = {isa = PBXBuildFile; fileRef = 0C61DAD517F4B4F20066630B /* cross@2x.png */; };
		0C61DADE17F4B4F20066630B /* list.png in Resources */ = {isa = PBXBuildFile; fileRef = 0C61DAD617F4B4F20066630B /* list.png */; };
		0C61DADF17F4B4F20066630B /* list@2x.png in Resources */ = {isa = PBXBuildFile; fileRef = 0C61DAD717F4B4F20066630B /* list@2x.png */; };
		0C61DAE317F4B83B0066630B /* star.png in Resources */ = {isa = PBXBuildFile; fileRef = 0C61DAE117F4B83B0066630B /* star.png */; };
		0C61DAE417F4B83B0066630B /* star@2x.png in Resources */ = {isa = PBXBuildFile; fileRef = 0C61DAE217F4B83B0066630B /* star@2x.png */; };
		0C61DAEB17F609250066630B /* BorkCredentials.m in Sources */ = {isa = PBXBuildFile; fileRef = 0C61DAEA17F609250066630B /* BorkCredentials.m */; };
		0CA2CA5917FB65CE005D0873 /* BorkTabViewController.m in Sources */ = {isa = PBXBuildFile; fileRef = 0CA2CA5817FB65CE005D0873 /* BorkTabViewController.m */; };
		0CA2CA5C17FB6778005D0873 /* BorkNotificationNetwork.m in Sources */ = {isa = PBXBuildFile; fileRef = 0CA2CA5B17FB6778005D0873 /* BorkNotificationNetwork.m */; };
		0CA2CA5F17FB6AC1005D0873 /* BorkNotificationViewController.m in Sources */ = {isa = PBXBuildFile; fileRef = 0CA2CA5E17FB6AC1005D0873 /* BorkNotificationViewController.m */; };
		0CA2CA6117FB795A005D0873 /* NotificationCellView.xib in Resources */ = {isa = PBXBuildFile; fileRef = 0CA2CA6017FB795A005D0873 /* NotificationCellView.xib */; };
		0CA2CA6417FB79F1005D0873 /* NotificationCell.m in Sources */ = {isa = PBXBuildFile; fileRef = 0CA2CA6317FB79F1005D0873 /* NotificationCell.m */; };
		0CA46F1D17ED7204001E4E50 /* borker@2x.png in Resources */ = {isa = PBXBuildFile; fileRef = 0CA46F1C17ED7204001E4E50 /* borker@2x.png */; };
		0CA46F1F17ED7219001E4E50 /* borker.png in Resources */ = {isa = PBXBuildFile; fileRef = 0CA46F1E17ED7219001E4E50 /* borker.png */; };
		0CC9FEB717FEFDA800C0EFD7 /* BorkDetailViewController.m in Sources */ = {isa = PBXBuildFile; fileRef = 0CC9FEB617FEFDA800C0EFD7 /* BorkDetailViewController.m */; };
		0CEEDB8417F9D1AB00526494 /* UndoView.xib in Resources */ = {isa = PBXBuildFile; fileRef = 0CEEDB8317F9D1AB00526494 /* UndoView.xib */; };
		0CEEDB8717F9D3F200526494 /* UndoView.m in Sources */ = {isa = PBXBuildFile; fileRef = 0CEEDB8617F9D3F200526494 /* UndoView.m */; };
		B546D06E17E8EA7F0005477D /* BorkNetwork.m in Sources */ = {isa = PBXBuildFile; fileRef = B546D06D17E8EA7F0005477D /* BorkNetwork.m */; };
		B572B85417E77CDF00AF9DC0 /* BorkCellView.xib in Resources */ = {isa = PBXBuildFile; fileRef = B572B85317E77CDF00AF9DC0 /* BorkCellView.xib */; };
		B572B85717E788BB00AF9DC0 /* BorkUser.m in Sources */ = {isa = PBXBuildFile; fileRef = B572B85617E788BB00AF9DC0 /* BorkUser.m */; };
		B572B85A17E78B7A00AF9DC0 /* BorkCell.m in Sources */ = {isa = PBXBuildFile; fileRef = B572B85917E78B7A00AF9DC0 /* BorkCell.m */; };
		B572B85D17E89BB100AF9DC0 /* BorkUserNetwork.m in Sources */ = {isa = PBXBuildFile; fileRef = B572B85C17E89BB100AF9DC0 /* BorkUserNetwork.m */; };
		B58BAA8217EB781D00494E69 /* Security.framework in Frameworks */ = {isa = PBXBuildFile; fileRef = B58BAA8117EB781D00494E69 /* Security.framework */; };
		B5910AB317E75C6D00B1B24C /* UIKit.framework in Frameworks */ = {isa = PBXBuildFile; fileRef = B5910AB217E75C6D00B1B24C /* UIKit.framework */; };
		B5910AB517E75C6D00B1B24C /* Foundation.framework in Frameworks */ = {isa = PBXBuildFile; fileRef = B5910AB417E75C6D00B1B24C /* Foundation.framework */; };
		B5910AB717E75C6D00B1B24C /* CoreGraphics.framework in Frameworks */ = {isa = PBXBuildFile; fileRef = B5910AB617E75C6D00B1B24C /* CoreGraphics.framework */; };
		B5910ABD17E75C6D00B1B24C /* InfoPlist.strings in Resources */ = {isa = PBXBuildFile; fileRef = B5910ABB17E75C6D00B1B24C /* InfoPlist.strings */; };
		B5910ABF17E75C6D00B1B24C /* main.m in Sources */ = {isa = PBXBuildFile; fileRef = B5910ABE17E75C6D00B1B24C /* main.m */; };
		B5910AC317E75C6D00B1B24C /* BorkAppDelegate.m in Sources */ = {isa = PBXBuildFile; fileRef = B5910AC217E75C6D00B1B24C /* BorkAppDelegate.m */; };
		B5910AC517E75C6D00B1B24C /* Default.png in Resources */ = {isa = PBXBuildFile; fileRef = B5910AC417E75C6D00B1B24C /* Default.png */; };
		B5910AC717E75C6D00B1B24C /* Default@2x.png in Resources */ = {isa = PBXBuildFile; fileRef = B5910AC617E75C6D00B1B24C /* Default@2x.png */; };
		B5910AC917E75C6D00B1B24C /* Default-568h@2x.png in Resources */ = {isa = PBXBuildFile; fileRef = B5910AC817E75C6D00B1B24C /* Default-568h@2x.png */; };
		B5910ACC17E75C6D00B1B24C /* MainStoryboard.storyboard in Resources */ = {isa = PBXBuildFile; fileRef = B5910ACA17E75C6D00B1B24C /* MainStoryboard.storyboard */; };
		B5910ACF17E75C6D00B1B24C /* BorkViewController.m in Sources */ = {isa = PBXBuildFile; fileRef = B5910ACE17E75C6D00B1B24C /* BorkViewController.m */; };
		B5910AD717E75C6D00B1B24C /* SenTestingKit.framework in Frameworks */ = {isa = PBXBuildFile; fileRef = B5910AD617E75C6D00B1B24C /* SenTestingKit.framework */; };
		B5910AD817E75C6D00B1B24C /* UIKit.framework in Frameworks */ = {isa = PBXBuildFile; fileRef = B5910AB217E75C6D00B1B24C /* UIKit.framework */; };
		B5910AD917E75C6D00B1B24C /* Foundation.framework in Frameworks */ = {isa = PBXBuildFile; fileRef = B5910AB417E75C6D00B1B24C /* Foundation.framework */; };
		B5910AE117E75C6D00B1B24C /* InfoPlist.strings in Resources */ = {isa = PBXBuildFile; fileRef = B5910ADF17E75C6D00B1B24C /* InfoPlist.strings */; };
		B5910AE417E75C6D00B1B24C /* BorkerTests.m in Sources */ = {isa = PBXBuildFile; fileRef = B5910AE317E75C6D00B1B24C /* BorkerTests.m */; };
		B5A430C017EB745C00186956 /* Constants.m in Sources */ = {isa = PBXBuildFile; fileRef = B5A430BF17EB745C00186956 /* Constants.m */; };
		B5A430C317EB76E800186956 /* KeychainItemWrapper.m in Sources */ = {isa = PBXBuildFile; fileRef = B5A430C117EB76E800186956 /* KeychainItemWrapper.m */; };
		B5A430C417EB76E800186956 /* KeychainItemWrapper.m in Sources */ = {isa = PBXBuildFile; fileRef = B5A430C117EB76E800186956 /* KeychainItemWrapper.m */; };
		B5A430C717EB776E00186956 /* gradient-background.png in Resources */ = {isa = PBXBuildFile; fileRef = B5A430C517EB776E00186956 /* gradient-background.png */; };
		B5A430C817EB776E00186956 /* gradient-background.png in Resources */ = {isa = PBXBuildFile; fileRef = B5A430C517EB776E00186956 /* gradient-background.png */; };
		B5CF55C61808943C0087BAC6 /* Background.jpg in Resources */ = {isa = PBXBuildFile; fileRef = B5CF55C41808943C0087BAC6 /* Background.jpg */; };
		B5CF55C71808943C0087BAC6 /* Background@2x.jpg in Resources */ = {isa = PBXBuildFile; fileRef = B5CF55C51808943C0087BAC6 /* Background@2x.jpg */; };
		B5CF55CA180D86DB0087BAC6 /* BorkAvatarCircleView.m in Sources */ = {isa = PBXBuildFile; fileRef = B5CF55C9180D86DB0087BAC6 /* BorkAvatarCircleView.m */; };
		B5CF55CC180D86F20087BAC6 /* BorkAvatarCircleView.xib in Resources */ = {isa = PBXBuildFile; fileRef = B5CF55CB180D86F20087BAC6 /* BorkAvatarCircleView.xib */; };
		B5F418B317EA1B12001D71B7 /* LoginViewController.m in Sources */ = {isa = PBXBuildFile; fileRef = B5F418B217EA1B12001D71B7 /* LoginViewController.m */; };
		B5F418B617EA2536001D71B7 /* NewBorkViewController.m in Sources */ = {isa = PBXBuildFile; fileRef = B5F418B517EA2536001D71B7 /* NewBorkViewController.m */; };
		B5F418BA17EA26CA001D71B7 /* BorkNavigationViewController.m in Sources */ = {isa = PBXBuildFile; fileRef = B5F418B917EA26CA001D71B7 /* BorkNavigationViewController.m */; };
/* End PBXBuildFile section */

/* Begin PBXContainerItemProxy section */
		B5910ADA17E75C6D00B1B24C /* PBXContainerItemProxy */ = {
			isa = PBXContainerItemProxy;
			containerPortal = B5910AA717E75C6D00B1B24C /* Project object */;
			proxyType = 1;
			remoteGlobalIDString = B5910AAE17E75C6D00B1B24C;
			remoteInfo = Borker;
		};
/* End PBXContainerItemProxy section */

/* Begin PBXFileReference section */
		0C1219B217FA0EEE00462E1B /* star-gray.png */ = {isa = PBXFileReference; lastKnownFileType = image.png; path = "star-gray.png"; sourceTree = "<group>"; };
		0C1219B317FA0EEE00462E1B /* star-gray@2x.png */ = {isa = PBXFileReference; lastKnownFileType = image.png; path = "star-gray@2x.png"; sourceTree = "<group>"; };
		0C204F0B17EE0429006AB37C /* libTestFlight.a */ = {isa = PBXFileReference; lastKnownFileType = archive.ar; path = libTestFlight.a; sourceTree = "<group>"; };
		0C204F0C17EE0429006AB37C /* README.md */ = {isa = PBXFileReference; fileEncoding = 4; lastKnownFileType = text; path = README.md; sourceTree = "<group>"; };
		0C204F0D17EE0429006AB37C /* release_notes.md */ = {isa = PBXFileReference; fileEncoding = 4; lastKnownFileType = text; path = release_notes.md; sourceTree = "<group>"; };
		0C204F0E17EE0429006AB37C /* TestFlight+AsyncLogging.h */ = {isa = PBXFileReference; fileEncoding = 4; lastKnownFileType = sourcecode.c.h; path = "TestFlight+AsyncLogging.h"; sourceTree = "<group>"; };
		0C204F0F17EE0429006AB37C /* TestFlight+ManualSessions.h */ = {isa = PBXFileReference; fileEncoding = 4; lastKnownFileType = sourcecode.c.h; path = "TestFlight+ManualSessions.h"; sourceTree = "<group>"; };
		0C204F1017EE0429006AB37C /* TestFlight.h */ = {isa = PBXFileReference; fileEncoding = 4; lastKnownFileType = sourcecode.c.h; path = TestFlight.h; sourceTree = "<group>"; };
		0C204F1417EE054C006AB37C /* libz.dylib */ = {isa = PBXFileReference; lastKnownFileType = "compiled.mach-o.dylib"; name = libz.dylib; path = usr/lib/libz.dylib; sourceTree = SDKROOT; };
		0C29ABE917FC70ED00227734 /* profile.png */ = {isa = PBXFileReference; lastKnownFileType = image.png; path = profile.png; sourceTree = "<group>"; };
		0C29ABEA17FC70ED00227734 /* profile@2x.png */ = {isa = PBXFileReference; lastKnownFileType = image.png; path = "profile@2x.png"; sourceTree = "<group>"; };
		0C29ABF117FC73EC00227734 /* like.png */ = {isa = PBXFileReference; lastKnownFileType = image.png; path = like.png; sourceTree = "<group>"; };
		0C29ABF217FC73EC00227734 /* like@2x.png */ = {isa = PBXFileReference; lastKnownFileType = image.png; path = "like@2x.png"; sourceTree = "<group>"; };
		0C29ABF517FC755A00227734 /* tab-star.png */ = {isa = PBXFileReference; lastKnownFileType = image.png; path = "tab-star.png"; sourceTree = "<group>"; };
		0C29ABF617FC755A00227734 /* tab-star@2x.png */ = {isa = PBXFileReference; lastKnownFileType = image.png; path = "tab-star@2x.png"; sourceTree = "<group>"; };
		0C29ABF917FC76C600227734 /* home.png */ = {isa = PBXFileReference; lastKnownFileType = image.png; path = home.png; sourceTree = "<group>"; };
		0C29ABFA17FC76C600227734 /* home@2x.png */ = {isa = PBXFileReference; lastKnownFileType = image.png; path = "home@2x.png"; sourceTree = "<group>"; };
		0C2C710417FBA02E0090CFD6 /* BorkProfileViewController.h */ = {isa = PBXFileReference; fileEncoding = 4; lastKnownFileType = sourcecode.c.h; path = BorkProfileViewController.h; sourceTree = "<group>"; };
		0C2C710517FBA02E0090CFD6 /* BorkProfileViewController.m */ = {isa = PBXFileReference; fileEncoding = 4; lastKnownFileType = sourcecode.c.objc; path = BorkProfileViewController.m; sourceTree = "<group>"; };
		0C475B9717FB20F100DB0D3E /* Bork.h */ = {isa = PBXFileReference; fileEncoding = 4; lastKnownFileType = sourcecode.c.h; path = Bork.h; sourceTree = "<group>"; };
		0C475B9817FB20F100DB0D3E /* Bork.m */ = {isa = PBXFileReference; fileEncoding = 4; lastKnownFileType = sourcecode.c.objc; path = Bork.m; sourceTree = "<group>"; };
		0C61DACD17F4ACD40066630B /* MCSwipeTableViewCell.h */ = {isa = PBXFileReference; fileEncoding = 4; lastKnownFileType = sourcecode.c.h; path = MCSwipeTableViewCell.h; sourceTree = "<group>"; };
		0C61DACE17F4ACD40066630B /* MCSwipeTableViewCell.m */ = {isa = PBXFileReference; fileEncoding = 4; lastKnownFileType = sourcecode.c.objc; path = MCSwipeTableViewCell.m; sourceTree = "<group>"; };
		0C61DAD017F4B4F20066630B /* check.png */ = {isa = PBXFileReference; lastKnownFileType = image.png; path = check.png; sourceTree = "<group>"; };
		0C61DAD117F4B4F20066630B /* check@2x.png */ = {isa = PBXFileReference; lastKnownFileType = image.png; path = "check@2x.png"; sourceTree = "<group>"; };
		0C61DAD217F4B4F20066630B /* clock.png */ = {isa = PBXFileReference; lastKnownFileType = image.png; path = clock.png; sourceTree = "<group>"; };
		0C61DAD317F4B4F20066630B /* clock@2x.png */ = {isa = PBXFileReference; lastKnownFileType = image.png; path = "clock@2x.png"; sourceTree = "<group>"; };
		0C61DAD417F4B4F20066630B /* cross.png */ = {isa = PBXFileReference; lastKnownFileType = image.png; path = cross.png; sourceTree = "<group>"; };
		0C61DAD517F4B4F20066630B /* cross@2x.png */ = {isa = PBXFileReference; lastKnownFileType = image.png; path = "cross@2x.png"; sourceTree = "<group>"; };
		0C61DAD617F4B4F20066630B /* list.png */ = {isa = PBXFileReference; lastKnownFileType = image.png; path = list.png; sourceTree = "<group>"; };
		0C61DAD717F4B4F20066630B /* list@2x.png */ = {isa = PBXFileReference; lastKnownFileType = image.png; path = "list@2x.png"; sourceTree = "<group>"; };
		0C61DAE117F4B83B0066630B /* star.png */ = {isa = PBXFileReference; lastKnownFileType = image.png; path = star.png; sourceTree = "<group>"; };
		0C61DAE217F4B83B0066630B /* star@2x.png */ = {isa = PBXFileReference; lastKnownFileType = image.png; path = "star@2x.png"; sourceTree = "<group>"; };
		0C61DAE917F609250066630B /* BorkCredentials.h */ = {isa = PBXFileReference; fileEncoding = 4; lastKnownFileType = sourcecode.c.h; path = BorkCredentials.h; sourceTree = "<group>"; };
		0C61DAEA17F609250066630B /* BorkCredentials.m */ = {isa = PBXFileReference; fileEncoding = 4; lastKnownFileType = sourcecode.c.objc; path = BorkCredentials.m; sourceTree = "<group>"; };
		0CA2CA5717FB65CE005D0873 /* BorkTabViewController.h */ = {isa = PBXFileReference; fileEncoding = 4; lastKnownFileType = sourcecode.c.h; path = BorkTabViewController.h; sourceTree = "<group>"; };
		0CA2CA5817FB65CE005D0873 /* BorkTabViewController.m */ = {isa = PBXFileReference; fileEncoding = 4; lastKnownFileType = sourcecode.c.objc; path = BorkTabViewController.m; sourceTree = "<group>"; };
		0CA2CA5A17FB6778005D0873 /* BorkNotificationNetwork.h */ = {isa = PBXFileReference; fileEncoding = 4; lastKnownFileType = sourcecode.c.h; path = BorkNotificationNetwork.h; sourceTree = "<group>"; };
		0CA2CA5B17FB6778005D0873 /* BorkNotificationNetwork.m */ = {isa = PBXFileReference; fileEncoding = 4; lastKnownFileType = sourcecode.c.objc; path = BorkNotificationNetwork.m; sourceTree = "<group>"; };
		0CA2CA5D17FB6AC1005D0873 /* BorkNotificationViewController.h */ = {isa = PBXFileReference; fileEncoding = 4; lastKnownFileType = sourcecode.c.h; path = BorkNotificationViewController.h; sourceTree = "<group>"; };
		0CA2CA5E17FB6AC1005D0873 /* BorkNotificationViewController.m */ = {isa = PBXFileReference; fileEncoding = 4; lastKnownFileType = sourcecode.c.objc; path = BorkNotificationViewController.m; sourceTree = "<group>"; };
		0CA2CA6017FB795A005D0873 /* NotificationCellView.xib */ = {isa = PBXFileReference; fileEncoding = 4; lastKnownFileType = file.xib; path = NotificationCellView.xib; sourceTree = "<group>"; };
		0CA2CA6217FB79F1005D0873 /* NotificationCell.h */ = {isa = PBXFileReference; fileEncoding = 4; lastKnownFileType = sourcecode.c.h; path = NotificationCell.h; sourceTree = "<group>"; };
		0CA2CA6317FB79F1005D0873 /* NotificationCell.m */ = {isa = PBXFileReference; fileEncoding = 4; lastKnownFileType = sourcecode.c.objc; path = NotificationCell.m; sourceTree = "<group>"; };
		0CA46F1C17ED7204001E4E50 /* borker@2x.png */ = {isa = PBXFileReference; lastKnownFileType = image.png; path = "borker@2x.png"; sourceTree = "<group>"; };
		0CA46F1E17ED7219001E4E50 /* borker.png */ = {isa = PBXFileReference; lastKnownFileType = image.png; path = borker.png; sourceTree = "<group>"; };
		0CC9FEB517FEFDA800C0EFD7 /* BorkDetailViewController.h */ = {isa = PBXFileReference; fileEncoding = 4; lastKnownFileType = sourcecode.c.h; path = BorkDetailViewController.h; sourceTree = "<group>"; };
		0CC9FEB617FEFDA800C0EFD7 /* BorkDetailViewController.m */ = {isa = PBXFileReference; fileEncoding = 4; lastKnownFileType = sourcecode.c.objc; path = BorkDetailViewController.m; sourceTree = "<group>"; };
		0CEEDB8317F9D1AB00526494 /* UndoView.xib */ = {isa = PBXFileReference; fileEncoding = 4; lastKnownFileType = file.xib; path = UndoView.xib; sourceTree = "<group>"; };
		0CEEDB8517F9D3F200526494 /* UndoView.h */ = {isa = PBXFileReference; fileEncoding = 4; lastKnownFileType = sourcecode.c.h; path = UndoView.h; sourceTree = "<group>"; };
		0CEEDB8617F9D3F200526494 /* UndoView.m */ = {isa = PBXFileReference; fileEncoding = 4; lastKnownFileType = sourcecode.c.objc; path = UndoView.m; sourceTree = "<group>"; };
		B546D06C17E8EA7F0005477D /* BorkNetwork.h */ = {isa = PBXFileReference; fileEncoding = 4; lastKnownFileType = sourcecode.c.h; path = BorkNetwork.h; sourceTree = "<group>"; };
		B546D06D17E8EA7F0005477D /* BorkNetwork.m */ = {isa = PBXFileReference; fileEncoding = 4; lastKnownFileType = sourcecode.c.objc; path = BorkNetwork.m; sourceTree = "<group>"; };
		B572B85317E77CDF00AF9DC0 /* BorkCellView.xib */ = {isa = PBXFileReference; fileEncoding = 4; lastKnownFileType = file.xib; path = BorkCellView.xib; sourceTree = "<group>"; };
		B572B85517E788BB00AF9DC0 /* BorkUser.h */ = {isa = PBXFileReference; fileEncoding = 4; lastKnownFileType = sourcecode.c.h; path = BorkUser.h; sourceTree = "<group>"; };
		B572B85617E788BB00AF9DC0 /* BorkUser.m */ = {isa = PBXFileReference; fileEncoding = 4; lastKnownFileType = sourcecode.c.objc; path = BorkUser.m; sourceTree = "<group>"; };
		B572B85817E78B7A00AF9DC0 /* BorkCell.h */ = {isa = PBXFileReference; fileEncoding = 4; lastKnownFileType = sourcecode.c.h; path = BorkCell.h; sourceTree = "<group>"; };
		B572B85917E78B7A00AF9DC0 /* BorkCell.m */ = {isa = PBXFileReference; fileEncoding = 4; lastKnownFileType = sourcecode.c.objc; path = BorkCell.m; sourceTree = "<group>"; };
		B572B85B17E89BB100AF9DC0 /* BorkUserNetwork.h */ = {isa = PBXFileReference; fileEncoding = 4; lastKnownFileType = sourcecode.c.h; path = BorkUserNetwork.h; sourceTree = "<group>"; };
		B572B85C17E89BB100AF9DC0 /* BorkUserNetwork.m */ = {isa = PBXFileReference; fileEncoding = 4; lastKnownFileType = sourcecode.c.objc; path = BorkUserNetwork.m; sourceTree = "<group>"; };
		B58BAA8117EB781D00494E69 /* Security.framework */ = {isa = PBXFileReference; lastKnownFileType = wrapper.framework; name = Security.framework; path = System/Library/Frameworks/Security.framework; sourceTree = SDKROOT; };
		B5910AAF17E75C6D00B1B24C /* Borker.app */ = {isa = PBXFileReference; explicitFileType = wrapper.application; includeInIndex = 0; path = Borker.app; sourceTree = BUILT_PRODUCTS_DIR; };
		B5910AB217E75C6D00B1B24C /* UIKit.framework */ = {isa = PBXFileReference; lastKnownFileType = wrapper.framework; name = UIKit.framework; path = System/Library/Frameworks/UIKit.framework; sourceTree = SDKROOT; };
		B5910AB417E75C6D00B1B24C /* Foundation.framework */ = {isa = PBXFileReference; lastKnownFileType = wrapper.framework; name = Foundation.framework; path = System/Library/Frameworks/Foundation.framework; sourceTree = SDKROOT; };
		B5910AB617E75C6D00B1B24C /* CoreGraphics.framework */ = {isa = PBXFileReference; lastKnownFileType = wrapper.framework; name = CoreGraphics.framework; path = System/Library/Frameworks/CoreGraphics.framework; sourceTree = SDKROOT; };
		B5910ABA17E75C6D00B1B24C /* Borker-Info.plist */ = {isa = PBXFileReference; lastKnownFileType = text.plist.xml; path = "Borker-Info.plist"; sourceTree = "<group>"; };
		B5910ABC17E75C6D00B1B24C /* en */ = {isa = PBXFileReference; lastKnownFileType = text.plist.strings; name = en; path = en.lproj/InfoPlist.strings; sourceTree = "<group>"; };
		B5910ABE17E75C6D00B1B24C /* main.m */ = {isa = PBXFileReference; lastKnownFileType = sourcecode.c.objc; path = main.m; sourceTree = "<group>"; };
		B5910AC017E75C6D00B1B24C /* Borker-Prefix.pch */ = {isa = PBXFileReference; lastKnownFileType = sourcecode.c.h; path = "Borker-Prefix.pch"; sourceTree = "<group>"; };
		B5910AC117E75C6D00B1B24C /* BorkAppDelegate.h */ = {isa = PBXFileReference; lastKnownFileType = sourcecode.c.h; path = BorkAppDelegate.h; sourceTree = "<group>"; };
		B5910AC217E75C6D00B1B24C /* BorkAppDelegate.m */ = {isa = PBXFileReference; lastKnownFileType = sourcecode.c.objc; path = BorkAppDelegate.m; sourceTree = "<group>"; };
		B5910AC417E75C6D00B1B24C /* Default.png */ = {isa = PBXFileReference; lastKnownFileType = image.png; path = Default.png; sourceTree = "<group>"; };
		B5910AC617E75C6D00B1B24C /* Default@2x.png */ = {isa = PBXFileReference; lastKnownFileType = image.png; path = "Default@2x.png"; sourceTree = "<group>"; };
		B5910AC817E75C6D00B1B24C /* Default-568h@2x.png */ = {isa = PBXFileReference; lastKnownFileType = image.png; path = "Default-568h@2x.png"; sourceTree = "<group>"; };
		B5910ACB17E75C6D00B1B24C /* en */ = {isa = PBXFileReference; lastKnownFileType = file.storyboard; name = en; path = en.lproj/MainStoryboard.storyboard; sourceTree = "<group>"; };
		B5910ACD17E75C6D00B1B24C /* BorkViewController.h */ = {isa = PBXFileReference; lastKnownFileType = sourcecode.c.h; path = BorkViewController.h; sourceTree = "<group>"; };
		B5910ACE17E75C6D00B1B24C /* BorkViewController.m */ = {isa = PBXFileReference; lastKnownFileType = sourcecode.c.objc; path = BorkViewController.m; sourceTree = "<group>"; };
		B5910AD517E75C6D00B1B24C /* BorkerTests.octest */ = {isa = PBXFileReference; explicitFileType = wrapper.cfbundle; includeInIndex = 0; path = BorkerTests.octest; sourceTree = BUILT_PRODUCTS_DIR; };
		B5910AD617E75C6D00B1B24C /* SenTestingKit.framework */ = {isa = PBXFileReference; lastKnownFileType = wrapper.framework; name = SenTestingKit.framework; path = Library/Frameworks/SenTestingKit.framework; sourceTree = DEVELOPER_DIR; };
		B5910ADE17E75C6D00B1B24C /* BorkerTests-Info.plist */ = {isa = PBXFileReference; lastKnownFileType = text.plist.xml; path = "BorkerTests-Info.plist"; sourceTree = "<group>"; };
		B5910AE017E75C6D00B1B24C /* en */ = {isa = PBXFileReference; lastKnownFileType = text.plist.strings; name = en; path = en.lproj/InfoPlist.strings; sourceTree = "<group>"; };
		B5910AE217E75C6D00B1B24C /* BorkerTests.h */ = {isa = PBXFileReference; lastKnownFileType = sourcecode.c.h; path = BorkerTests.h; sourceTree = "<group>"; };
		B5910AE317E75C6D00B1B24C /* BorkerTests.m */ = {isa = PBXFileReference; lastKnownFileType = sourcecode.c.objc; path = BorkerTests.m; sourceTree = "<group>"; };
		B5A430BE17EB745C00186956 /* Constants.h */ = {isa = PBXFileReference; fileEncoding = 4; lastKnownFileType = sourcecode.c.h; path = Constants.h; sourceTree = "<group>"; };
		B5A430BF17EB745C00186956 /* Constants.m */ = {isa = PBXFileReference; fileEncoding = 4; lastKnownFileType = sourcecode.c.objc; path = Constants.m; sourceTree = "<group>"; };
		B5A430C117EB76E800186956 /* KeychainItemWrapper.m */ = {isa = PBXFileReference; fileEncoding = 4; lastKnownFileType = sourcecode.c.objc; path = KeychainItemWrapper.m; sourceTree = "<group>"; };
		B5A430C217EB76E800186956 /* KeychainItemWrapper.h */ = {isa = PBXFileReference; fileEncoding = 4; lastKnownFileType = sourcecode.c.h; path = KeychainItemWrapper.h; sourceTree = "<group>"; };
		B5A430C517EB776E00186956 /* gradient-background.png */ = {isa = PBXFileReference; lastKnownFileType = image.png; path = "gradient-background.png"; sourceTree = "<group>"; };
		B5CF55C41808943C0087BAC6 /* Background.jpg */ = {isa = PBXFileReference; lastKnownFileType = image.jpeg; path = Background.jpg; sourceTree = "<group>"; };
		B5CF55C51808943C0087BAC6 /* Background@2x.jpg */ = {isa = PBXFileReference; lastKnownFileType = image.jpeg; path = "Background@2x.jpg"; sourceTree = "<group>"; };
		B5CF55C8180D86DB0087BAC6 /* BorkAvatarCircleView.h */ = {isa = PBXFileReference; fileEncoding = 4; lastKnownFileType = sourcecode.c.h; path = BorkAvatarCircleView.h; sourceTree = "<group>"; };
		B5CF55C9180D86DB0087BAC6 /* BorkAvatarCircleView.m */ = {isa = PBXFileReference; fileEncoding = 4; lastKnownFileType = sourcecode.c.objc; path = BorkAvatarCircleView.m; sourceTree = "<group>"; };
		B5CF55CB180D86F20087BAC6 /* BorkAvatarCircleView.xib */ = {isa = PBXFileReference; fileEncoding = 4; lastKnownFileType = file.xib; path = BorkAvatarCircleView.xib; sourceTree = "<group>"; };
		B5F418B117EA1B12001D71B7 /* LoginViewController.h */ = {isa = PBXFileReference; fileEncoding = 4; lastKnownFileType = sourcecode.c.h; path = LoginViewController.h; sourceTree = "<group>"; };
		B5F418B217EA1B12001D71B7 /* LoginViewController.m */ = {isa = PBXFileReference; fileEncoding = 4; lastKnownFileType = sourcecode.c.objc; path = LoginViewController.m; sourceTree = "<group>"; };
		B5F418B417EA2536001D71B7 /* NewBorkViewController.h */ = {isa = PBXFileReference; fileEncoding = 4; lastKnownFileType = sourcecode.c.h; path = NewBorkViewController.h; sourceTree = "<group>"; };
		B5F418B517EA2536001D71B7 /* NewBorkViewController.m */ = {isa = PBXFileReference; fileEncoding = 4; lastKnownFileType = sourcecode.c.objc; path = NewBorkViewController.m; sourceTree = "<group>"; };
		B5F418B817EA26CA001D71B7 /* BorkNavigationViewController.h */ = {isa = PBXFileReference; fileEncoding = 4; lastKnownFileType = sourcecode.c.h; path = BorkNavigationViewController.h; sourceTree = "<group>"; };
		B5F418B917EA26CA001D71B7 /* BorkNavigationViewController.m */ = {isa = PBXFileReference; fileEncoding = 4; lastKnownFileType = sourcecode.c.objc; path = BorkNavigationViewController.m; sourceTree = "<group>"; };
/* End PBXFileReference section */

/* Begin PBXFrameworksBuildPhase section */
		B5910AAC17E75C6D00B1B24C /* Frameworks */ = {
			isa = PBXFrameworksBuildPhase;
			buildActionMask = 2147483647;
			files = (
				0C204F1517EE054C006AB37C /* libz.dylib in Frameworks */,
				0C204F1117EE0429006AB37C /* libTestFlight.a in Frameworks */,
				B58BAA8217EB781D00494E69 /* Security.framework in Frameworks */,
				B5910AB317E75C6D00B1B24C /* UIKit.framework in Frameworks */,
				B5910AB517E75C6D00B1B24C /* Foundation.framework in Frameworks */,
				B5910AB717E75C6D00B1B24C /* CoreGraphics.framework in Frameworks */,
			);
			runOnlyForDeploymentPostprocessing = 0;
		};
		B5910AD117E75C6D00B1B24C /* Frameworks */ = {
			isa = PBXFrameworksBuildPhase;
			buildActionMask = 2147483647;
			files = (
				B5910AD717E75C6D00B1B24C /* SenTestingKit.framework in Frameworks */,
				B5910AD817E75C6D00B1B24C /* UIKit.framework in Frameworks */,
				B5910AD917E75C6D00B1B24C /* Foundation.framework in Frameworks */,
			);
			runOnlyForDeploymentPostprocessing = 0;
		};
/* End PBXFrameworksBuildPhase section */

/* Begin PBXGroup section */
		0C204F0A17EE0429006AB37C /* TestFlightSDK2.0.0 */ = {
			isa = PBXGroup;
			children = (
				0C204F0B17EE0429006AB37C /* libTestFlight.a */,
				0C204F0C17EE0429006AB37C /* README.md */,
				0C204F0D17EE0429006AB37C /* release_notes.md */,
				0C204F0E17EE0429006AB37C /* TestFlight+AsyncLogging.h */,
				0C204F0F17EE0429006AB37C /* TestFlight+ManualSessions.h */,
				0C204F1017EE0429006AB37C /* TestFlight.h */,
			);
			name = TestFlightSDK2.0.0;
			path = Borker/TestFlightSDK2.0.0;
			sourceTree = "<group>";
		};
		0C61DAE017F4B4F70066630B /* Images */ = {
			isa = PBXGroup;
			children = (
				B5CF55C41808943C0087BAC6 /* Background.jpg */,
				B5CF55C51808943C0087BAC6 /* Background@2x.jpg */,
				0C29ABF917FC76C600227734 /* home.png */,
				0C29ABFA17FC76C600227734 /* home@2x.png */,
				0C29ABF517FC755A00227734 /* tab-star.png */,
				0C29ABF617FC755A00227734 /* tab-star@2x.png */,
				0C29ABF117FC73EC00227734 /* like.png */,
				0C29ABF217FC73EC00227734 /* like@2x.png */,
				0C29ABE917FC70ED00227734 /* profile.png */,
				0C29ABEA17FC70ED00227734 /* profile@2x.png */,
				0C1219B217FA0EEE00462E1B /* star-gray.png */,
				0C1219B317FA0EEE00462E1B /* star-gray@2x.png */,
				0C61DAE117F4B83B0066630B /* star.png */,
				0C61DAE217F4B83B0066630B /* star@2x.png */,
				0C61DAD017F4B4F20066630B /* check.png */,
				0C61DAD117F4B4F20066630B /* check@2x.png */,
				0C61DAD217F4B4F20066630B /* clock.png */,
				0C61DAD317F4B4F20066630B /* clock@2x.png */,
				0C61DAD417F4B4F20066630B /* cross.png */,
				0C61DAD517F4B4F20066630B /* cross@2x.png */,
				0C61DAD617F4B4F20066630B /* list.png */,
				0C61DAD717F4B4F20066630B /* list@2x.png */,
				0CA46F1E17ED7219001E4E50 /* borker.png */,
				0CA46F1C17ED7204001E4E50 /* borker@2x.png */,
				B5A430C517EB776E00186956 /* gradient-background.png */,
				B5910AC417E75C6D00B1B24C /* Default.png */,
				B5910AC617E75C6D00B1B24C /* Default@2x.png */,
				B5910AC817E75C6D00B1B24C /* Default-568h@2x.png */,
			);
			name = Images;
			sourceTree = "<group>";
		};
		0CA2CA6517FB79F7005D0873 /* Cells */ = {
			isa = PBXGroup;
			children = (
				0CA2CA6017FB795A005D0873 /* NotificationCellView.xib */,
				0CA2CA6217FB79F1005D0873 /* NotificationCell.h */,
				0CA2CA6317FB79F1005D0873 /* NotificationCell.m */,
				B572B85317E77CDF00AF9DC0 /* BorkCellView.xib */,
				B572B85817E78B7A00AF9DC0 /* BorkCell.h */,
				B572B85917E78B7A00AF9DC0 /* BorkCell.m */,
			);
			name = Cells;
			sourceTree = "<group>";
		};
		0CA2CA6617FB9B42005D0873 /* Views */ = {
			isa = PBXGroup;
			children = (
				B5910ACA17E75C6D00B1B24C /* MainStoryboard.storyboard */,
				0CEEDB8317F9D1AB00526494 /* UndoView.xib */,
				0CEEDB8517F9D3F200526494 /* UndoView.h */,
				0CEEDB8617F9D3F200526494 /* UndoView.m */,
				B5CF55CB180D86F20087BAC6 /* BorkAvatarCircleView.xib */,
				B5CF55C8180D86DB0087BAC6 /* BorkAvatarCircleView.h */,
				B5CF55C9180D86DB0087BAC6 /* BorkAvatarCircleView.m */,
			);
			name = Views;
			sourceTree = "<group>";
		};
		0CD2496617F1E23C0091EAB4 /* Models */ = {
			isa = PBXGroup;
			children = (
				B572B85517E788BB00AF9DC0 /* BorkUser.h */,
				B572B85617E788BB00AF9DC0 /* BorkUser.m */,
				0C61DAE917F609250066630B /* BorkCredentials.h */,
				0C61DAEA17F609250066630B /* BorkCredentials.m */,
				0C475B9717FB20F100DB0D3E /* Bork.h */,
				0C475B9817FB20F100DB0D3E /* Bork.m */,
			);
			name = Models;
			sourceTree = "<group>";
		};
		B546D06F17E8EA840005477D /* Network */ = {
			isa = PBXGroup;
			children = (
				B572B85B17E89BB100AF9DC0 /* BorkUserNetwork.h */,
				B572B85C17E89BB100AF9DC0 /* BorkUserNetwork.m */,
				B546D06C17E8EA7F0005477D /* BorkNetwork.h */,
				B546D06D17E8EA7F0005477D /* BorkNetwork.m */,
				0CA2CA5A17FB6778005D0873 /* BorkNotificationNetwork.h */,
				0CA2CA5B17FB6778005D0873 /* BorkNotificationNetwork.m */,
			);
			name = Network;
			sourceTree = "<group>";
		};
		B5910AA617E75C6D00B1B24C = {
			isa = PBXGroup;
			children = (
				B5910AB817E75C6D00B1B24C /* Borker */,
				0C204F0A17EE0429006AB37C /* TestFlightSDK2.0.0 */,
				B5A430BD17EB71A000186956 /* Vendor */,
				B5910ADC17E75C6D00B1B24C /* BorkerTests */,
				B5910AB117E75C6D00B1B24C /* Frameworks */,
				B5910AB017E75C6D00B1B24C /* Products */,
			);
			sourceTree = "<group>";
		};
		B5910AB017E75C6D00B1B24C /* Products */ = {
			isa = PBXGroup;
			children = (
				B5910AAF17E75C6D00B1B24C /* Borker.app */,
				B5910AD517E75C6D00B1B24C /* BorkerTests.octest */,
			);
			name = Products;
			sourceTree = "<group>";
		};
		B5910AB117E75C6D00B1B24C /* Frameworks */ = {
			isa = PBXGroup;
			children = (
				0C204F1417EE054C006AB37C /* libz.dylib */,
				B58BAA8117EB781D00494E69 /* Security.framework */,
				B5910AB217E75C6D00B1B24C /* UIKit.framework */,
				B5910AB417E75C6D00B1B24C /* Foundation.framework */,
				B5910AB617E75C6D00B1B24C /* CoreGraphics.framework */,
				B5910AD617E75C6D00B1B24C /* SenTestingKit.framework */,
			);
			name = Frameworks;
			sourceTree = "<group>";
		};
		B5910AB817E75C6D00B1B24C /* Borker */ = {
			isa = PBXGroup;
			children = (
				0CA2CA6617FB9B42005D0873 /* Views */,
				0CA2CA6517FB79F7005D0873 /* Cells */,
				B5F418B717EA253B001D71B7 /* View Controllers */,
				0CD2496617F1E23C0091EAB4 /* Models */,
				B546D06F17E8EA840005477D /* Network */,
				B5910AB917E75C6D00B1B24C /* Supporting Files */,
			);
			path = Borker;
			sourceTree = "<group>";
		};
		B5910AB917E75C6D00B1B24C /* Supporting Files */ = {
			isa = PBXGroup;
			children = (
				0C61DAE017F4B4F70066630B /* Images */,
				B5910AC117E75C6D00B1B24C /* BorkAppDelegate.h */,
				B5910AC217E75C6D00B1B24C /* BorkAppDelegate.m */,
				B5910ABA17E75C6D00B1B24C /* Borker-Info.plist */,
				B5910ABB17E75C6D00B1B24C /* InfoPlist.strings */,
				B5910ABE17E75C6D00B1B24C /* main.m */,
				B5910AC017E75C6D00B1B24C /* Borker-Prefix.pch */,
				B5A430BE17EB745C00186956 /* Constants.h */,
				B5A430BF17EB745C00186956 /* Constants.m */,
			);
			name = "Supporting Files";
			sourceTree = "<group>";
		};
		B5910ADC17E75C6D00B1B24C /* BorkerTests */ = {
			isa = PBXGroup;
			children = (
				B5910AE217E75C6D00B1B24C /* BorkerTests.h */,
				B5910AE317E75C6D00B1B24C /* BorkerTests.m */,
				B5910ADD17E75C6D00B1B24C /* Supporting Files */,
			);
			path = BorkerTests;
			sourceTree = "<group>";
		};
		B5910ADD17E75C6D00B1B24C /* Supporting Files */ = {
			isa = PBXGroup;
			children = (
				B5910ADE17E75C6D00B1B24C /* BorkerTests-Info.plist */,
				B5910ADF17E75C6D00B1B24C /* InfoPlist.strings */,
			);
			name = "Supporting Files";
			sourceTree = "<group>";
		};
		B5A430BD17EB71A000186956 /* Vendor */ = {
			isa = PBXGroup;
			children = (
				0C61DACD17F4ACD40066630B /* MCSwipeTableViewCell.h */,
				0C61DACE17F4ACD40066630B /* MCSwipeTableViewCell.m */,
				B5A430C117EB76E800186956 /* KeychainItemWrapper.m */,
				B5A430C217EB76E800186956 /* KeychainItemWrapper.h */,
			);
			name = Vendor;
			path = Borker;
			sourceTree = "<group>";
		};
		B5F418B717EA253B001D71B7 /* View Controllers */ = {
			isa = PBXGroup;
			children = (
				0C2C710417FBA02E0090CFD6 /* BorkProfileViewController.h */,
				0C2C710517FBA02E0090CFD6 /* BorkProfileViewController.m */,
				0CA2CA5D17FB6AC1005D0873 /* BorkNotificationViewController.h */,
				0CA2CA5E17FB6AC1005D0873 /* BorkNotificationViewController.m */,
				0CA2CA5717FB65CE005D0873 /* BorkTabViewController.h */,
				0CA2CA5817FB65CE005D0873 /* BorkTabViewController.m */,
				B5F418B817EA26CA001D71B7 /* BorkNavigationViewController.h */,
				B5F418B917EA26CA001D71B7 /* BorkNavigationViewController.m */,
				B5F418B417EA2536001D71B7 /* NewBorkViewController.h */,
				B5F418B517EA2536001D71B7 /* NewBorkViewController.m */,
				B5F418B117EA1B12001D71B7 /* LoginViewController.h */,
				B5F418B217EA1B12001D71B7 /* LoginViewController.m */,
				0CC9FEB517FEFDA800C0EFD7 /* BorkDetailViewController.h */,
				0CC9FEB617FEFDA800C0EFD7 /* BorkDetailViewController.m */,
				B5910ACD17E75C6D00B1B24C /* BorkViewController.h */,
				B5910ACE17E75C6D00B1B24C /* BorkViewController.m */,
			);
			name = "View Controllers";
			sourceTree = "<group>";
		};
/* End PBXGroup section */

/* Begin PBXNativeTarget section */
		B5910AAE17E75C6D00B1B24C /* Borker */ = {
			isa = PBXNativeTarget;
			buildConfigurationList = B5910AE717E75C6D00B1B24C /* Build configuration list for PBXNativeTarget "Borker" */;
			buildPhases = (
				B5910AAB17E75C6D00B1B24C /* Sources */,
				B5910AAC17E75C6D00B1B24C /* Frameworks */,
				B5910AAD17E75C6D00B1B24C /* Resources */,
			);
			buildRules = (
			);
			dependencies = (
			);
			name = Borker;
			productName = Borker;
			productReference = B5910AAF17E75C6D00B1B24C /* Borker.app */;
			productType = "com.apple.product-type.application";
		};
		B5910AD417E75C6D00B1B24C /* BorkerTests */ = {
			isa = PBXNativeTarget;
			buildConfigurationList = B5910AEA17E75C6D00B1B24C /* Build configuration list for PBXNativeTarget "BorkerTests" */;
			buildPhases = (
				B5910AD017E75C6D00B1B24C /* Sources */,
				B5910AD117E75C6D00B1B24C /* Frameworks */,
				B5910AD217E75C6D00B1B24C /* Resources */,
				B5910AD317E75C6D00B1B24C /* ShellScript */,
			);
			buildRules = (
			);
			dependencies = (
				B5910ADB17E75C6D00B1B24C /* PBXTargetDependency */,
			);
			name = BorkerTests;
			productName = BorkerTests;
			productReference = B5910AD517E75C6D00B1B24C /* BorkerTests.octest */;
			productType = "com.apple.product-type.bundle";
		};
/* End PBXNativeTarget section */

/* Begin PBXProject section */
		B5910AA717E75C6D00B1B24C /* Project object */ = {
			isa = PBXProject;
			attributes = {
				CLASSPREFIX = Bork;
				LastUpgradeCheck = 0460;
				ORGANIZATIONNAME = "Borker Innovation";
				TargetAttributes = {
					B5910AAE17E75C6D00B1B24C = {
						DevelopmentTeam = E4NRY92235;
					};
				};
			};
			buildConfigurationList = B5910AAA17E75C6D00B1B24C /* Build configuration list for PBXProject "Borker" */;
			compatibilityVersion = "Xcode 3.2";
			developmentRegion = English;
			hasScannedForEncodings = 0;
			knownRegions = (
				en,
			);
			mainGroup = B5910AA617E75C6D00B1B24C;
			productRefGroup = B5910AB017E75C6D00B1B24C /* Products */;
			projectDirPath = "";
			projectRoot = "";
			targets = (
				B5910AAE17E75C6D00B1B24C /* Borker */,
				B5910AD417E75C6D00B1B24C /* BorkerTests */,
			);
		};
/* End PBXProject section */

/* Begin PBXResourcesBuildPhase section */
		B5910AAD17E75C6D00B1B24C /* Resources */ = {
			isa = PBXResourcesBuildPhase;
			buildActionMask = 2147483647;
			files = (
				0CEEDB8417F9D1AB00526494 /* UndoView.xib in Resources */,
				B5CF55C61808943C0087BAC6 /* Background.jpg in Resources */,
				0C61DAE417F4B83B0066630B /* star@2x.png in Resources */,
				B5910ABD17E75C6D00B1B24C /* InfoPlist.strings in Resources */,
				0CA2CA6117FB795A005D0873 /* NotificationCellView.xib in Resources */,
				0C61DAD817F4B4F20066630B /* check.png in Resources */,
				0CA46F1D17ED7204001E4E50 /* borker@2x.png in Resources */,
				0C29ABFC17FC76C600227734 /* home@2x.png in Resources */,
				B5CF55C71808943C0087BAC6 /* Background@2x.jpg in Resources */,
				0C204F1217EE0429006AB37C /* README.md in Resources */,
				B5910AC517E75C6D00B1B24C /* Default.png in Resources */,
				0C61DADD17F4B4F20066630B /* cross@2x.png in Resources */,
				0C1219B417FA0EEE00462E1B /* star-gray.png in Resources */,
				0C29ABF717FC755A00227734 /* tab-star.png in Resources */,
				0C61DADB17F4B4F20066630B /* clock@2x.png in Resources */,
				0C29ABF317FC73EC00227734 /* like.png in Resources */,
				0C204F1317EE0429006AB37C /* release_notes.md in Resources */,
				0C61DADA17F4B4F20066630B /* clock.png in Resources */,
				0C29ABEB17FC70ED00227734 /* profile.png in Resources */,
				0C61DADC17F4B4F20066630B /* cross.png in Resources */,
				B5910AC717E75C6D00B1B24C /* Default@2x.png in Resources */,
				0C61DAE317F4B83B0066630B /* star.png in Resources */,
				0CA46F1F17ED7219001E4E50 /* borker.png in Resources */,
				0C61DADE17F4B4F20066630B /* list.png in Resources */,
				B5910AC917E75C6D00B1B24C /* Default-568h@2x.png in Resources */,
				B5910ACC17E75C6D00B1B24C /* MainStoryboard.storyboard in Resources */,
				0C61DADF17F4B4F20066630B /* list@2x.png in Resources */,
				B572B85417E77CDF00AF9DC0 /* BorkCellView.xib in Resources */,
				0C29ABF817FC755A00227734 /* tab-star@2x.png in Resources */,
				B5A430C717EB776E00186956 /* gradient-background.png in Resources */,
				0C29ABFB17FC76C600227734 /* home.png in Resources */,
				B5CF55CC180D86F20087BAC6 /* BorkAvatarCircleView.xib in Resources */,
				0C61DAD917F4B4F20066630B /* check@2x.png in Resources */,
				0C1219B517FA0EEE00462E1B /* star-gray@2x.png in Resources */,
				0C29ABF417FC73EC00227734 /* like@2x.png in Resources */,
				0C29ABEC17FC70ED00227734 /* profile@2x.png in Resources */,
			);
			runOnlyForDeploymentPostprocessing = 0;
		};
		B5910AD217E75C6D00B1B24C /* Resources */ = {
			isa = PBXResourcesBuildPhase;
			buildActionMask = 2147483647;
			files = (
				B5910AE117E75C6D00B1B24C /* InfoPlist.strings in Resources */,
				B5A430C817EB776E00186956 /* gradient-background.png in Resources */,
			);
			runOnlyForDeploymentPostprocessing = 0;
		};
/* End PBXResourcesBuildPhase section */

/* Begin PBXShellScriptBuildPhase section */
		B5910AD317E75C6D00B1B24C /* ShellScript */ = {
			isa = PBXShellScriptBuildPhase;
			buildActionMask = 2147483647;
			files = (
			);
			inputPaths = (
			);
			outputPaths = (
			);
			runOnlyForDeploymentPostprocessing = 0;
			shellPath = /bin/sh;
			shellScript = "# Run the unit tests in this test bundle.\n\"${SYSTEM_DEVELOPER_DIR}/Tools/RunUnitTests\"\n";
		};
/* End PBXShellScriptBuildPhase section */

/* Begin PBXSourcesBuildPhase section */
		B5910AAB17E75C6D00B1B24C /* Sources */ = {
			isa = PBXSourcesBuildPhase;
			buildActionMask = 2147483647;
			files = (
				B5910ABF17E75C6D00B1B24C /* main.m in Sources */,
				B5910AC317E75C6D00B1B24C /* BorkAppDelegate.m in Sources */,
				0CA2CA5917FB65CE005D0873 /* BorkTabViewController.m in Sources */,
				B5910ACF17E75C6D00B1B24C /* BorkViewController.m in Sources */,
				0C61DAEB17F609250066630B /* BorkCredentials.m in Sources */,
				B572B85717E788BB00AF9DC0 /* BorkUser.m in Sources */,
				0CEEDB8717F9D3F200526494 /* UndoView.m in Sources */,
				B5CF55CA180D86DB0087BAC6 /* BorkAvatarCircleView.m in Sources */,
				B572B85A17E78B7A00AF9DC0 /* BorkCell.m in Sources */,
				0C2C710617FBA02E0090CFD6 /* BorkProfileViewController.m in Sources */,
				0CA2CA5F17FB6AC1005D0873 /* BorkNotificationViewController.m in Sources */,
				B572B85D17E89BB100AF9DC0 /* BorkUserNetwork.m in Sources */,
				0CA2CA5C17FB6778005D0873 /* BorkNotificationNetwork.m in Sources */,
				B546D06E17E8EA7F0005477D /* BorkNetwork.m in Sources */,
				0C61DACF17F4ACD40066630B /* MCSwipeTableViewCell.m in Sources */,
				B5F418B317EA1B12001D71B7 /* LoginViewController.m in Sources */,
				B5F418B617EA2536001D71B7 /* NewBorkViewController.m in Sources */,
				B5F418BA17EA26CA001D71B7 /* BorkNavigationViewController.m in Sources */,
				0CA2CA6417FB79F1005D0873 /* NotificationCell.m in Sources */,
				B5A430C017EB745C00186956 /* Constants.m in Sources */,
				0CC9FEB717FEFDA800C0EFD7 /* BorkDetailViewController.m in Sources */,
				B5A430C317EB76E800186956 /* KeychainItemWrapper.m in Sources */,
				0C475B9917FB20F100DB0D3E /* Bork.m in Sources */,
			);
			runOnlyForDeploymentPostprocessing = 0;
		};
		B5910AD017E75C6D00B1B24C /* Sources */ = {
			isa = PBXSourcesBuildPhase;
			buildActionMask = 2147483647;
			files = (
				B5910AE417E75C6D00B1B24C /* BorkerTests.m in Sources */,
				B5A430C417EB76E800186956 /* KeychainItemWrapper.m in Sources */,
			);
			runOnlyForDeploymentPostprocessing = 0;
		};
/* End PBXSourcesBuildPhase section */

/* Begin PBXTargetDependency section */
		B5910ADB17E75C6D00B1B24C /* PBXTargetDependency */ = {
			isa = PBXTargetDependency;
			target = B5910AAE17E75C6D00B1B24C /* Borker */;
			targetProxy = B5910ADA17E75C6D00B1B24C /* PBXContainerItemProxy */;
		};
/* End PBXTargetDependency section */

/* Begin PBXVariantGroup section */
		B5910ABB17E75C6D00B1B24C /* InfoPlist.strings */ = {
			isa = PBXVariantGroup;
			children = (
				B5910ABC17E75C6D00B1B24C /* en */,
			);
			name = InfoPlist.strings;
			sourceTree = "<group>";
		};
		B5910ACA17E75C6D00B1B24C /* MainStoryboard.storyboard */ = {
			isa = PBXVariantGroup;
			children = (
				B5910ACB17E75C6D00B1B24C /* en */,
			);
			name = MainStoryboard.storyboard;
			sourceTree = "<group>";
		};
		B5910ADF17E75C6D00B1B24C /* InfoPlist.strings */ = {
			isa = PBXVariantGroup;
			children = (
				B5910AE017E75C6D00B1B24C /* en */,
			);
			name = InfoPlist.strings;
			sourceTree = "<group>";
		};
/* End PBXVariantGroup section */

/* Begin XCBuildConfiguration section */
		B5910AE517E75C6D00B1B24C /* Debug */ = {
			isa = XCBuildConfiguration;
			buildSettings = {
				ALWAYS_SEARCH_USER_PATHS = NO;
				CLANG_CXX_LANGUAGE_STANDARD = "gnu++0x";
				CLANG_CXX_LIBRARY = "libc++";
				CLANG_ENABLE_OBJC_ARC = YES;
				CLANG_WARN_CONSTANT_CONVERSION = YES;
				CLANG_WARN_EMPTY_BODY = YES;
				CLANG_WARN_ENUM_CONVERSION = YES;
				CLANG_WARN_INT_CONVERSION = YES;
				CLANG_WARN__DUPLICATE_METHOD_MATCH = YES;
				CODE_SIGN_IDENTITY = "iPhone Developer";
				"CODE_SIGN_IDENTITY[sdk=iphoneos*]" = "iPhone Developer";
				COPY_PHASE_STRIP = NO;
				GCC_C_LANGUAGE_STANDARD = gnu99;
				GCC_DYNAMIC_NO_PIC = NO;
				GCC_OPTIMIZATION_LEVEL = 0;
				GCC_PREPROCESSOR_DEFINITIONS = (
					"DEBUG=1",
					"$(inherited)",
				);
				GCC_SYMBOLS_PRIVATE_EXTERN = NO;
				GCC_WARN_ABOUT_RETURN_TYPE = YES;
				GCC_WARN_UNINITIALIZED_AUTOS = YES;
				GCC_WARN_UNUSED_VARIABLE = YES;
				IPHONEOS_DEPLOYMENT_TARGET = 6.1;
				ONLY_ACTIVE_ARCH = YES;
				PROVISIONING_PROFILE = "";
				SDKROOT = iphoneos;
			};
			name = Debug;
		};
		B5910AE617E75C6D00B1B24C /* Release */ = {
			isa = XCBuildConfiguration;
			buildSettings = {
				ALWAYS_SEARCH_USER_PATHS = NO;
				CLANG_CXX_LANGUAGE_STANDARD = "gnu++0x";
				CLANG_CXX_LIBRARY = "libc++";
				CLANG_ENABLE_OBJC_ARC = YES;
				CLANG_WARN_CONSTANT_CONVERSION = YES;
				CLANG_WARN_EMPTY_BODY = YES;
				CLANG_WARN_ENUM_CONVERSION = YES;
				CLANG_WARN_INT_CONVERSION = YES;
				CLANG_WARN__DUPLICATE_METHOD_MATCH = YES;
				CODE_SIGN_IDENTITY = "iPhone Distribution";
				"CODE_SIGN_IDENTITY[sdk=iphoneos*]" = "iPhone Distribution";
				COPY_PHASE_STRIP = YES;
				GCC_C_LANGUAGE_STANDARD = gnu99;
				GCC_WARN_ABOUT_RETURN_TYPE = YES;
				GCC_WARN_UNINITIALIZED_AUTOS = YES;
				GCC_WARN_UNUSED_VARIABLE = YES;
				IPHONEOS_DEPLOYMENT_TARGET = 6.1;
				OTHER_CFLAGS = "-DNS_BLOCK_ASSERTIONS=1";
				PROVISIONING_PROFILE = "";
				SDKROOT = iphoneos;
				VALIDATE_PRODUCT = YES;
			};
			name = Release;
		};
		B5910AE817E75C6D00B1B24C /* Debug */ = {
			isa = XCBuildConfiguration;
			buildSettings = {
				CODE_SIGN_IDENTITY = "iPhone Developer: Adam McCrea (Z57TPD4R7L)";
				"CODE_SIGN_IDENTITY[sdk=iphoneos*]" = "iPhone Developer";
				FRAMEWORK_SEARCH_PATHS = (
					"$(inherited)",
					"$(SRCROOT)",
					/Users/neo/Projects/borker_ios,
				);
				GCC_PRECOMPILE_PREFIX_HEADER = YES;
				GCC_PREFIX_HEADER = "Borker/Borker-Prefix.pch";
				INFOPLIST_FILE = "Borker/Borker-Info.plist";
				IPHONEOS_DEPLOYMENT_TARGET = 6.1;
				LIBRARY_SEARCH_PATHS = (
					"$(inherited)",
					"/Users/neo/projects/borker_ios/**",
				);
				PRODUCT_NAME = "$(TARGET_NAME)";
				PROVISIONING_PROFILE = "04BBEB36-B416-4CA3-A12F-54EA3381A0E9";
				TARGETED_DEVICE_FAMILY = 1;
				WRAPPER_EXTENSION = app;
			};
			name = Debug;
		};
		B5910AE917E75C6D00B1B24C /* Release */ = {
			isa = XCBuildConfiguration;
			buildSettings = {
				CODE_SIGN_IDENTITY = "iPhone Developer: Adam McCrea (Z57TPD4R7L)";
				"CODE_SIGN_IDENTITY[sdk=iphoneos*]" = "iPhone Developer";
				FRAMEWORK_SEARCH_PATHS = (
					"$(inherited)",
					"$(SRCROOT)",
					/Users/neo/Projects/borker_ios,
				);
				GCC_PRECOMPILE_PREFIX_HEADER = YES;
				GCC_PREFIX_HEADER = "Borker/Borker-Prefix.pch";
				INFOPLIST_FILE = "Borker/Borker-Info.plist";
				IPHONEOS_DEPLOYMENT_TARGET = 6.1;
				LIBRARY_SEARCH_PATHS = (
					"$(inherited)",
					"/Users/neo/projects/borker_ios/**",
				);
				PRODUCT_NAME = "$(TARGET_NAME)";
				PROVISIONING_PROFILE = "04BBEB36-B416-4CA3-A12F-54EA3381A0E9";
				TARGETED_DEVICE_FAMILY = 1;
				WRAPPER_EXTENSION = app;
			};
			name = Release;
		};
		B5910AEB17E75C6D00B1B24C /* Debug */ = {
			isa = XCBuildConfiguration;
			buildSettings = {
				BUNDLE_LOADER = "$(BUILT_PRODUCTS_DIR)/Borker.app/Borker";
				FRAMEWORK_SEARCH_PATHS = (
					"\"$(SDKROOT)/Developer/Library/Frameworks\"",
					"\"$(DEVELOPER_LIBRARY_DIR)/Frameworks\"",
					"\"$(SRCROOT)\"",
				);
				GCC_PRECOMPILE_PREFIX_HEADER = YES;
				GCC_PREFIX_HEADER = "Borker/Borker-Prefix.pch";
				INFOPLIST_FILE = "BorkerTests/BorkerTests-Info.plist";
				PRODUCT_NAME = "$(TARGET_NAME)";
				TEST_HOST = "$(BUNDLE_LOADER)";
				WRAPPER_EXTENSION = octest;
			};
			name = Debug;
		};
		B5910AEC17E75C6D00B1B24C /* Release */ = {
			isa = XCBuildConfiguration;
			buildSettings = {
				BUNDLE_LOADER = "$(BUILT_PRODUCTS_DIR)/Borker.app/Borker";
				FRAMEWORK_SEARCH_PATHS = (
					"\"$(SDKROOT)/Developer/Library/Frameworks\"",
					"\"$(DEVELOPER_LIBRARY_DIR)/Frameworks\"",
					"\"$(SRCROOT)\"",
				);
				GCC_PRECOMPILE_PREFIX_HEADER = YES;
				GCC_PREFIX_HEADER = "Borker/Borker-Prefix.pch";
				INFOPLIST_FILE = "BorkerTests/BorkerTests-Info.plist";
				PRODUCT_NAME = "$(TARGET_NAME)";
				TEST_HOST = "$(BUNDLE_LOADER)";
				WRAPPER_EXTENSION = octest;
			};
			name = Release;
		};
/* End XCBuildConfiguration section */

/* Begin XCConfigurationList section */
		B5910AAA17E75C6D00B1B24C /* Build configuration list for PBXProject "Borker" */ = {
			isa = XCConfigurationList;
			buildConfigurations = (
				B5910AE517E75C6D00B1B24C /* Debug */,
				B5910AE617E75C6D00B1B24C /* Release */,
			);
			defaultConfigurationIsVisible = 0;
			defaultConfigurationName = Release;
		};
		B5910AE717E75C6D00B1B24C /* Build configuration list for PBXNativeTarget "Borker" */ = {
			isa = XCConfigurationList;
			buildConfigurations = (
				B5910AE817E75C6D00B1B24C /* Debug */,
				B5910AE917E75C6D00B1B24C /* Release */,
			);
			defaultConfigurationIsVisible = 0;
			defaultConfigurationName = Release;
		};
		B5910AEA17E75C6D00B1B24C /* Build configuration list for PBXNativeTarget "BorkerTests" */ = {
			isa = XCConfigurationList;
			buildConfigurations = (
				B5910AEB17E75C6D00B1B24C /* Debug */,
				B5910AEC17E75C6D00B1B24C /* Release */,
			);
			defaultConfigurationIsVisible = 0;
			defaultConfigurationName = Release;
		};
/* End XCConfigurationList section */
	};
	rootObject = B5910AA717E75C6D00B1B24C /* Project object */;
}
