// !$*UTF8*$!
{
	archiveVersion = 1;
	classes = {
	};
	objectVersion = 46;
	objects = {

/* Begin PBXBuildFile section */
		B546D06E17E8EA7F0005477D /* BorkNetwork.m in Sources */ = {isa = PBXBuildFile; fileRef = B546D06D17E8EA7F0005477D /* BorkNetwork.m */; };
		B572B85417E77CDF00AF9DC0 /* BorkCellView.xib in Resources */ = {isa = PBXBuildFile; fileRef = B572B85317E77CDF00AF9DC0 /* BorkCellView.xib */; };
		B572B85717E788BB00AF9DC0 /* BorkUser.m in Sources */ = {isa = PBXBuildFile; fileRef = B572B85617E788BB00AF9DC0 /* BorkUser.m */; };
		B572B85A17E78B7A00AF9DC0 /* BorkCell.m in Sources */ = {isa = PBXBuildFile; fileRef = B572B85917E78B7A00AF9DC0 /* BorkCell.m */; };
		B572B85D17E89BB100AF9DC0 /* BorkUserNetwork.m in Sources */ = {isa = PBXBuildFile; fileRef = B572B85C17E89BB100AF9DC0 /* BorkUserNetwork.m */; };
		B58BAA8217EB781D00494E69 /* Security.framework in Frameworks */ = {isa = PBXBuildFile; fileRef = B58BAA8117EB781D00494E69 /* Security.framework */; };
		B5910AB317E75C6D00B1B24C /* UIKit.framework in Frameworks */ = {isa = PBXBuildFile; fileRef = B5910AB217E75C6D00B1B24C /* UIKit.framework */; };
		B5910AB517E75C6D00B1B24C /* Foundation.framework in Frameworks */ = {isa = PBXBuildFile; fileRef = B5910AB417E75C6D00B1B24C /* Foundation.framework */; };
		B5910AB717E75C6D00B1B24C /* CoreGraphics.framework in Frameworks */ = {isa = PBXBuildFile; fileRef = B5910AB617E75C6D00B1B24C /* CoreGraphics.framework */; };
		B5910ABD17E75C6D00B1B24C /* InfoPlist.strings in Resources */ = {isa = PBXBuildFile; fileRef = B5910ABB17E75C6D00B1B24C /* InfoPlist.strings */; };
		B5910ABF17E75C6D00B1B24C /* main.m in Sources */ = {isa = PBXBuildFile; fileRef = B5910ABE17E75C6D00B1B24C /* main.m */; };
		B5910AC317E75C6D00B1B24C /* BorkAppDelegate.m in Sources */ = {isa = PBXBuildFile; fileRef = B5910AC217E75C6D00B1B24C /* BorkAppDelegate.m */; };
		B5910AC517E75C6D00B1B24C /* Default.png in Resources */ = {isa = PBXBuildFile; fileRef = B5910AC417E75C6D00B1B24C /* Default.png */; };
		B5910AC717E75C6D00B1B24C /* Default@2x.png in Resources */ = {isa = PBXBuildFile; fileRef = B5910AC617E75C6D00B1B24C /* Default@2x.png */; };
		B5910AC917E75C6D00B1B24C /* Default-568h@2x.png in Resources */ = {isa = PBXBuildFile; fileRef = B5910AC817E75C6D00B1B24C /* Default-568h@2x.png */; };
		B5910ACC17E75C6D00B1B24C /* MainStoryboard.storyboard in Resources */ = {isa = PBXBuildFile; fileRef = B5910ACA17E75C6D00B1B24C /* MainStoryboard.storyboard */; };
		B5910ACF17E75C6D00B1B24C /* BorkViewController.m in Sources */ = {isa = PBXBuildFile; fileRef = B5910ACE17E75C6D00B1B24C /* BorkViewController.m */; };
		B5910AD717E75C6D00B1B24C /* SenTestingKit.framework in Frameworks */ = {isa = PBXBuildFile; fileRef = B5910AD617E75C6D00B1B24C /* SenTestingKit.framework */; };
		B5910AD817E75C6D00B1B24C /* UIKit.framework in Frameworks */ = {isa = PBXBuildFile; fileRef = B5910AB217E75C6D00B1B24C /* UIKit.framework */; };
		B5910AD917E75C6D00B1B24C /* Foundation.framework in Frameworks */ = {isa = PBXBuildFile; fileRef = B5910AB417E75C6D00B1B24C /* Foundation.framework */; };
		B5910AE117E75C6D00B1B24C /* InfoPlist.strings in Resources */ = {isa = PBXBuildFile; fileRef = B5910ADF17E75C6D00B1B24C /* InfoPlist.strings */; };
		B5910AE417E75C6D00B1B24C /* BorkerTests.m in Sources */ = {isa = PBXBuildFile; fileRef = B5910AE317E75C6D00B1B24C /* BorkerTests.m */; };
		B5A430C017EB745C00186956 /* Constants.m in Sources */ = {isa = PBXBuildFile; fileRef = B5A430BF17EB745C00186956 /* Constants.m */; };
		B5A430C317EB76E800186956 /* KeychainItemWrapper.m in Sources */ = {isa = PBXBuildFile; fileRef = B5A430C117EB76E800186956 /* KeychainItemWrapper.m */; };
		B5A430C417EB76E800186956 /* KeychainItemWrapper.m in Sources */ = {isa = PBXBuildFile; fileRef = B5A430C117EB76E800186956 /* KeychainItemWrapper.m */; };
		B5A430C717EB776E00186956 /* gradient-background.png in Resources */ = {isa = PBXBuildFile; fileRef = B5A430C517EB776E00186956 /* gradient-background.png */; };
		B5A430C817EB776E00186956 /* gradient-background.png in Resources */ = {isa = PBXBuildFile; fileRef = B5A430C517EB776E00186956 /* gradient-background.png */; };
		B5A430C917EB776E00186956 /* borker.png in Resources */ = {isa = PBXBuildFile; fileRef = B5A430C617EB776E00186956 /* borker.png */; };
		B5A430CA17EB776E00186956 /* borker.png in Resources */ = {isa = PBXBuildFile; fileRef = B5A430C617EB776E00186956 /* borker.png */; };
		B5F418B317EA1B12001D71B7 /* LoginViewController.m in Sources */ = {isa = PBXBuildFile; fileRef = B5F418B217EA1B12001D71B7 /* LoginViewController.m */; };
		B5F418B617EA2536001D71B7 /* NewBorkViewController.m in Sources */ = {isa = PBXBuildFile; fileRef = B5F418B517EA2536001D71B7 /* NewBorkViewController.m */; };
		B5F418BA17EA26CA001D71B7 /* BorkNavigationViewController.m in Sources */ = {isa = PBXBuildFile; fileRef = B5F418B917EA26CA001D71B7 /* BorkNavigationViewController.m */; };
/* End PBXBuildFile section */

/* Begin PBXContainerItemProxy section */
		B5910ADA17E75C6D00B1B24C /* PBXContainerItemProxy */ = {
			isa = PBXContainerItemProxy;
			containerPortal = B5910AA717E75C6D00B1B24C /* Project object */;
			proxyType = 1;
			remoteGlobalIDString = B5910AAE17E75C6D00B1B24C;
			remoteInfo = Borker;
		};
/* End PBXContainerItemProxy section */

/* Begin PBXFileReference section */
		B546D06C17E8EA7F0005477D /* BorkNetwork.h */ = {isa = PBXFileReference; fileEncoding = 4; lastKnownFileType = sourcecode.c.h; path = BorkNetwork.h; sourceTree = "<group>"; };
		B546D06D17E8EA7F0005477D /* BorkNetwork.m */ = {isa = PBXFileReference; fileEncoding = 4; lastKnownFileType = sourcecode.c.objc; path = BorkNetwork.m; sourceTree = "<group>"; };
		B572B85317E77CDF00AF9DC0 /* BorkCellView.xib */ = {isa = PBXFileReference; fileEncoding = 4; lastKnownFileType = file.xib; path = BorkCellView.xib; sourceTree = "<group>"; };
		B572B85517E788BB00AF9DC0 /* BorkUser.h */ = {isa = PBXFileReference; fileEncoding = 4; lastKnownFileType = sourcecode.c.h; path = BorkUser.h; sourceTree = "<group>"; };
		B572B85617E788BB00AF9DC0 /* BorkUser.m */ = {isa = PBXFileReference; fileEncoding = 4; lastKnownFileType = sourcecode.c.objc; path = BorkUser.m; sourceTree = "<group>"; };
		B572B85817E78B7A00AF9DC0 /* BorkCell.h */ = {isa = PBXFileReference; fileEncoding = 4; lastKnownFileType = sourcecode.c.h; path = BorkCell.h; sourceTree = "<group>"; };
		B572B85917E78B7A00AF9DC0 /* BorkCell.m */ = {isa = PBXFileReference; fileEncoding = 4; lastKnownFileType = sourcecode.c.objc; path = BorkCell.m; sourceTree = "<group>"; };
		B572B85B17E89BB100AF9DC0 /* BorkUserNetwork.h */ = {isa = PBXFileReference; fileEncoding = 4; lastKnownFileType = sourcecode.c.h; path = BorkUserNetwork.h; sourceTree = "<group>"; };
		B572B85C17E89BB100AF9DC0 /* BorkUserNetwork.m */ = {isa = PBXFileReference; fileEncoding = 4; lastKnownFileType = sourcecode.c.objc; path = BorkUserNetwork.m; sourceTree = "<group>"; };
		B58BAA8117EB781D00494E69 /* Security.framework */ = {isa = PBXFileReference; lastKnownFileType = wrapper.framework; name = Security.framework; path = System/Library/Frameworks/Security.framework; sourceTree = SDKROOT; };
		B5910AAF17E75C6D00B1B24C /* Borker.app */ = {isa = PBXFileReference; explicitFileType = wrapper.application; includeInIndex = 0; path = Borker.app; sourceTree = BUILT_PRODUCTS_DIR; };
		B5910AB217E75C6D00B1B24C /* UIKit.framework */ = {isa = PBXFileReference; lastKnownFileType = wrapper.framework; name = UIKit.framework; path = System/Library/Frameworks/UIKit.framework; sourceTree = SDKROOT; };
		B5910AB417E75C6D00B1B24C /* Foundation.framework */ = {isa = PBXFileReference; lastKnownFileType = wrapper.framework; name = Foundation.framework; path = System/Library/Frameworks/Foundation.framework; sourceTree = SDKROOT; };
		B5910AB617E75C6D00B1B24C /* CoreGraphics.framework */ = {isa = PBXFileReference; lastKnownFileType = wrapper.framework; name = CoreGraphics.framework; path = System/Library/Frameworks/CoreGraphics.framework; sourceTree = SDKROOT; };
		B5910ABA17E75C6D00B1B24C /* Borker-Info.plist */ = {isa = PBXFileReference; lastKnownFileType = text.plist.xml; path = "Borker-Info.plist"; sourceTree = "<group>"; };
		B5910ABC17E75C6D00B1B24C /* en */ = {isa = PBXFileReference; lastKnownFileType = text.plist.strings; name = en; path = en.lproj/InfoPlist.strings; sourceTree = "<group>"; };
		B5910ABE17E75C6D00B1B24C /* main.m */ = {isa = PBXFileReference; lastKnownFileType = sourcecode.c.objc; path = main.m; sourceTree = "<group>"; };
		B5910AC017E75C6D00B1B24C /* Borker-Prefix.pch */ = {isa = PBXFileReference; lastKnownFileType = sourcecode.c.h; path = "Borker-Prefix.pch"; sourceTree = "<group>"; };
		B5910AC117E75C6D00B1B24C /* BorkAppDelegate.h */ = {isa = PBXFileReference; lastKnownFileType = sourcecode.c.h; path = BorkAppDelegate.h; sourceTree = "<group>"; };
		B5910AC217E75C6D00B1B24C /* BorkAppDelegate.m */ = {isa = PBXFileReference; lastKnownFileType = sourcecode.c.objc; path = BorkAppDelegate.m; sourceTree = "<group>"; };
		B5910AC417E75C6D00B1B24C /* Default.png */ = {isa = PBXFileReference; lastKnownFileType = image.png; path = Default.png; sourceTree = "<group>"; };
		B5910AC617E75C6D00B1B24C /* Default@2x.png */ = {isa = PBXFileReference; lastKnownFileType = image.png; path = "Default@2x.png"; sourceTree = "<group>"; };
		B5910AC817E75C6D00B1B24C /* Default-568h@2x.png */ = {isa = PBXFileReference; lastKnownFileType = image.png; path = "Default-568h@2x.png"; sourceTree = "<group>"; };
		B5910ACB17E75C6D00B1B24C /* en */ = {isa = PBXFileReference; lastKnownFileType = file.storyboard; name = en; path = en.lproj/MainStoryboard.storyboard; sourceTree = "<group>"; };
		B5910ACD17E75C6D00B1B24C /* BorkViewController.h */ = {isa = PBXFileReference; lastKnownFileType = sourcecode.c.h; path = BorkViewController.h; sourceTree = "<group>"; };
		B5910ACE17E75C6D00B1B24C /* BorkViewController.m */ = {isa = PBXFileReference; lastKnownFileType = sourcecode.c.objc; path = BorkViewController.m; sourceTree = "<group>"; };
		B5910AD517E75C6D00B1B24C /* BorkerTests.octest */ = {isa = PBXFileReference; explicitFileType = wrapper.cfbundle; includeInIndex = 0; path = BorkerTests.octest; sourceTree = BUILT_PRODUCTS_DIR; };
		B5910AD617E75C6D00B1B24C /* SenTestingKit.framework */ = {isa = PBXFileReference; lastKnownFileType = wrapper.framework; name = SenTestingKit.framework; path = Library/Frameworks/SenTestingKit.framework; sourceTree = DEVELOPER_DIR; };
		B5910ADE17E75C6D00B1B24C /* BorkerTests-Info.plist */ = {isa = PBXFileReference; lastKnownFileType = text.plist.xml; path = "BorkerTests-Info.plist"; sourceTree = "<group>"; };
		B5910AE017E75C6D00B1B24C /* en */ = {isa = PBXFileReference; lastKnownFileType = text.plist.strings; name = en; path = en.lproj/InfoPlist.strings; sourceTree = "<group>"; };
		B5910AE217E75C6D00B1B24C /* BorkerTests.h */ = {isa = PBXFileReference; lastKnownFileType = sourcecode.c.h; path = BorkerTests.h; sourceTree = "<group>"; };
		B5910AE317E75C6D00B1B24C /* BorkerTests.m */ = {isa = PBXFileReference; lastKnownFileType = sourcecode.c.objc; path = BorkerTests.m; sourceTree = "<group>"; };
		B5A430BE17EB745C00186956 /* Constants.h */ = {isa = PBXFileReference; fileEncoding = 4; lastKnownFileType = sourcecode.c.h; path = Constants.h; sourceTree = "<group>"; };
		B5A430BF17EB745C00186956 /* Constants.m */ = {isa = PBXFileReference; fileEncoding = 4; lastKnownFileType = sourcecode.c.objc; path = Constants.m; sourceTree = "<group>"; };
		B5A430C117EB76E800186956 /* KeychainItemWrapper.m */ = {isa = PBXFileReference; fileEncoding = 4; lastKnownFileType = sourcecode.c.objc; path = KeychainItemWrapper.m; sourceTree = "<group>"; };
		B5A430C217EB76E800186956 /* KeychainItemWrapper.h */ = {isa = PBXFileReference; fileEncoding = 4; lastKnownFileType = sourcecode.c.h; path = KeychainItemWrapper.h; sourceTree = "<group>"; };
		B5A430C517EB776E00186956 /* gradient-background.png */ = {isa = PBXFileReference; lastKnownFileType = image.png; path = "gradient-background.png"; sourceTree = "<group>"; };
		B5A430C617EB776E00186956 /* borker.png */ = {isa = PBXFileReference; lastKnownFileType = image.png; path = borker.png; sourceTree = "<group>"; };
		B5F418B117EA1B12001D71B7 /* LoginViewController.h */ = {isa = PBXFileReference; fileEncoding = 4; lastKnownFileType = sourcecode.c.h; path = LoginViewController.h; sourceTree = "<group>"; };
		B5F418B217EA1B12001D71B7 /* LoginViewController.m */ = {isa = PBXFileReference; fileEncoding = 4; lastKnownFileType = sourcecode.c.objc; path = LoginViewController.m; sourceTree = "<group>"; };
		B5F418B417EA2536001D71B7 /* NewBorkViewController.h */ = {isa = PBXFileReference; fileEncoding = 4; lastKnownFileType = sourcecode.c.h; path = NewBorkViewController.h; sourceTree = "<group>"; };
		B5F418B517EA2536001D71B7 /* NewBorkViewController.m */ = {isa = PBXFileReference; fileEncoding = 4; lastKnownFileType = sourcecode.c.objc; path = NewBorkViewController.m; sourceTree = "<group>"; };
		B5F418B817EA26CA001D71B7 /* BorkNavigationViewController.h */ = {isa = PBXFileReference; fileEncoding = 4; lastKnownFileType = sourcecode.c.h; path = BorkNavigationViewController.h; sourceTree = "<group>"; };
		B5F418B917EA26CA001D71B7 /* BorkNavigationViewController.m */ = {isa = PBXFileReference; fileEncoding = 4; lastKnownFileType = sourcecode.c.objc; path = BorkNavigationViewController.m; sourceTree = "<group>"; };
/* End PBXFileReference section */

/* Begin PBXFrameworksBuildPhase section */
		B5910AAC17E75C6D00B1B24C /* Frameworks */ = {
			isa = PBXFrameworksBuildPhase;
			buildActionMask = 2147483647;
			files = (
				B58BAA8217EB781D00494E69 /* Security.framework in Frameworks */,
				B5910AB317E75C6D00B1B24C /* UIKit.framework in Frameworks */,
				B5910AB517E75C6D00B1B24C /* Foundation.framework in Frameworks */,
				B5910AB717E75C6D00B1B24C /* CoreGraphics.framework in Frameworks */,
			);
			runOnlyForDeploymentPostprocessing = 0;
		};
		B5910AD117E75C6D00B1B24C /* Frameworks */ = {
			isa = PBXFrameworksBuildPhase;
			buildActionMask = 2147483647;
			files = (
				B5910AD717E75C6D00B1B24C /* SenTestingKit.framework in Frameworks */,
				B5910AD817E75C6D00B1B24C /* UIKit.framework in Frameworks */,
				B5910AD917E75C6D00B1B24C /* Foundation.framework in Frameworks */,
			);
			runOnlyForDeploymentPostprocessing = 0;
		};
/* End PBXFrameworksBuildPhase section */

/* Begin PBXGroup section */
		B546D06F17E8EA840005477D /* Network */ = {
			isa = PBXGroup;
			children = (
				B572B85B17E89BB100AF9DC0 /* BorkUserNetwork.h */,
				B572B85C17E89BB100AF9DC0 /* BorkUserNetwork.m */,
				B546D06C17E8EA7F0005477D /* BorkNetwork.h */,
				B546D06D17E8EA7F0005477D /* BorkNetwork.m */,
			);
			name = Network;
			sourceTree = "<group>";
		};
		B5910AA617E75C6D00B1B24C = {
			isa = PBXGroup;
			children = (
				B5910AB817E75C6D00B1B24C /* Borker */,
				B5A430BD17EB71A000186956 /* Vendor */,
				B5910ADC17E75C6D00B1B24C /* BorkerTests */,
				B5910AB117E75C6D00B1B24C /* Frameworks */,
				B5910AB017E75C6D00B1B24C /* Products */,
			);
			sourceTree = "<group>";
		};
		B5910AB017E75C6D00B1B24C /* Products */ = {
			isa = PBXGroup;
			children = (
				B5910AAF17E75C6D00B1B24C /* Borker.app */,
				B5910AD517E75C6D00B1B24C /* BorkerTests.octest */,
			);
			name = Products;
			sourceTree = "<group>";
		};
		B5910AB117E75C6D00B1B24C /* Frameworks */ = {
			isa = PBXGroup;
			children = (
				B58BAA8117EB781D00494E69 /* Security.framework */,
				B5910AB217E75C6D00B1B24C /* UIKit.framework */,
				B5910AB417E75C6D00B1B24C /* Foundation.framework */,
				B5910AB617E75C6D00B1B24C /* CoreGraphics.framework */,
				B5910AD617E75C6D00B1B24C /* SenTestingKit.framework */,
			);
			name = Frameworks;
			sourceTree = "<group>";
		};
		B5910AB817E75C6D00B1B24C /* Borker */ = {
			isa = PBXGroup;
			children = (
				B5F418B717EA253B001D71B7 /* View Controllers */,
				B546D06F17E8EA840005477D /* Network */,
				B5910ACA17E75C6D00B1B24C /* MainStoryboard.storyboard */,
				B572B85317E77CDF00AF9DC0 /* BorkCellView.xib */,
				B572B85817E78B7A00AF9DC0 /* BorkCell.h */,
				B572B85917E78B7A00AF9DC0 /* BorkCell.m */,
				B5910AB917E75C6D00B1B24C /* Supporting Files */,
				B572B85517E788BB00AF9DC0 /* BorkUser.h */,
				B572B85617E788BB00AF9DC0 /* BorkUser.m */,
			);
			path = Borker;
			sourceTree = "<group>";
		};
		B5910AB917E75C6D00B1B24C /* Supporting Files */ = {
			isa = PBXGroup;
			children = (
				B5A430C517EB776E00186956 /* gradient-background.png */,
				B5A430C617EB776E00186956 /* borker.png */,
				B5910AC117E75C6D00B1B24C /* BorkAppDelegate.h */,
				B5910AC217E75C6D00B1B24C /* BorkAppDelegate.m */,
				B5910ABA17E75C6D00B1B24C /* Borker-Info.plist */,
				B5910ABB17E75C6D00B1B24C /* InfoPlist.strings */,
				B5910ABE17E75C6D00B1B24C /* main.m */,
				B5910AC017E75C6D00B1B24C /* Borker-Prefix.pch */,
				B5910AC417E75C6D00B1B24C /* Default.png */,
				B5910AC617E75C6D00B1B24C /* Default@2x.png */,
				B5910AC817E75C6D00B1B24C /* Default-568h@2x.png */,
				B5A430BE17EB745C00186956 /* Constants.h */,
				B5A430BF17EB745C00186956 /* Constants.m */,
			);
			name = "Supporting Files";
			sourceTree = "<group>";
		};
		B5910ADC17E75C6D00B1B24C /* BorkerTests */ = {
			isa = PBXGroup;
			children = (
				B5910AE217E75C6D00B1B24C /* BorkerTests.h */,
				B5910AE317E75C6D00B1B24C /* BorkerTests.m */,
				B5910ADD17E75C6D00B1B24C /* Supporting Files */,
			);
			path = BorkerTests;
			sourceTree = "<group>";
		};
		B5910ADD17E75C6D00B1B24C /* Supporting Files */ = {
			isa = PBXGroup;
			children = (
				B5910ADE17E75C6D00B1B24C /* BorkerTests-Info.plist */,
				B5910ADF17E75C6D00B1B24C /* InfoPlist.strings */,
			);
			name = "Supporting Files";
			sourceTree = "<group>";
		};
		B5A430BD17EB71A000186956 /* Vendor */ = {
			isa = PBXGroup;
			children = (
				B5A430C117EB76E800186956 /* KeychainItemWrapper.m */,
				B5A430C217EB76E800186956 /* KeychainItemWrapper.h */,
			);
			name = Vendor;
			path = Borker;
			sourceTree = "<group>";
		};
		B5F418B717EA253B001D71B7 /* View Controllers */ = {
			isa = PBXGroup;
			children = (
				B5F418B817EA26CA001D71B7 /* BorkNavigationViewController.h */,
				B5F418B917EA26CA001D71B7 /* BorkNavigationViewController.m */,
				B5F418B417EA2536001D71B7 /* NewBorkViewController.h */,
				B5F418B517EA2536001D71B7 /* NewBorkViewController.m */,
				B5F418B117EA1B12001D71B7 /* LoginViewController.h */,
				B5F418B217EA1B12001D71B7 /* LoginViewController.m */,
				B5910ACD17E75C6D00B1B24C /* BorkViewController.h */,
				B5910ACE17E75C6D00B1B24C /* BorkViewController.m */,
			);
			name = "View Controllers";
			sourceTree = "<group>";
		};
/* End PBXGroup section */

/* Begin PBXNativeTarget section */
		B5910AAE17E75C6D00B1B24C /* Borker */ = {
			isa = PBXNativeTarget;
			buildConfigurationList = B5910AE717E75C6D00B1B24C /* Build configuration list for PBXNativeTarget "Borker" */;
			buildPhases = (
				B5910AAB17E75C6D00B1B24C /* Sources */,
				B5910AAC17E75C6D00B1B24C /* Frameworks */,
				B5910AAD17E75C6D00B1B24C /* Resources */,
			);
			buildRules = (
			);
			dependencies = (
			);
			name = Borker;
			productName = Borker;
			productReference = B5910AAF17E75C6D00B1B24C /* Borker.app */;
			productType = "com.apple.product-type.application";
		};
		B5910AD417E75C6D00B1B24C /* BorkerTests */ = {
			isa = PBXNativeTarget;
			buildConfigurationList = B5910AEA17E75C6D00B1B24C /* Build configuration list for PBXNativeTarget "BorkerTests" */;
			buildPhases = (
				B5910AD017E75C6D00B1B24C /* Sources */,
				B5910AD117E75C6D00B1B24C /* Frameworks */,
				B5910AD217E75C6D00B1B24C /* Resources */,
				B5910AD317E75C6D00B1B24C /* ShellScript */,
			);
			buildRules = (
			);
			dependencies = (
				B5910ADB17E75C6D00B1B24C /* PBXTargetDependency */,
			);
			name = BorkerTests;
			productName = BorkerTests;
			productReference = B5910AD517E75C6D00B1B24C /* BorkerTests.octest */;
			productType = "com.apple.product-type.bundle";
		};
/* End PBXNativeTarget section */

/* Begin PBXProject section */
		B5910AA717E75C6D00B1B24C /* Project object */ = {
			isa = PBXProject;
			attributes = {
				CLASSPREFIX = Bork;
				LastUpgradeCheck = 0460;
				ORGANIZATIONNAME = "Borker Innovation";
				TargetAttributes = {
					B5910AAE17E75C6D00B1B24C = {
						DevelopmentTeam = E4NRY92235;
					};
				};
			};
			buildConfigurationList = B5910AAA17E75C6D00B1B24C /* Build configuration list for PBXProject "Borker" */;
			compatibilityVersion = "Xcode 3.2";
			developmentRegion = English;
			hasScannedForEncodings = 0;
			knownRegions = (
				en,
			);
			mainGroup = B5910AA617E75C6D00B1B24C;
			productRefGroup = B5910AB017E75C6D00B1B24C /* Products */;
			projectDirPath = "";
			projectRoot = "";
			targets = (
				B5910AAE17E75C6D00B1B24C /* Borker */,
				B5910AD417E75C6D00B1B24C /* BorkerTests */,
			);
		};
/* End PBXProject section */

/* Begin PBXResourcesBuildPhase section */
		B5910AAD17E75C6D00B1B24C /* Resources */ = {
			isa = PBXResourcesBuildPhase;
			buildActionMask = 2147483647;
			files = (
				B5910ABD17E75C6D00B1B24C /* InfoPlist.strings in Resources */,
				B5910AC517E75C6D00B1B24C /* Default.png in Resources */,
				B5910AC717E75C6D00B1B24C /* Default@2x.png in Resources */,
				B5910AC917E75C6D00B1B24C /* Default-568h@2x.png in Resources */,
				B5910ACC17E75C6D00B1B24C /* MainStoryboard.storyboard in Resources */,
				B572B85417E77CDF00AF9DC0 /* BorkCellView.xib in Resources */,
				B5A430C717EB776E00186956 /* gradient-background.png in Resources */,
				B5A430C917EB776E00186956 /* borker.png in Resources */,
			);
			runOnlyForDeploymentPostprocessing = 0;
		};
		B5910AD217E75C6D00B1B24C /* Resources */ = {
			isa = PBXResourcesBuildPhase;
			buildActionMask = 2147483647;
			files = (
				B5910AE117E75C6D00B1B24C /* InfoPlist.strings in Resources */,
				B5A430C817EB776E00186956 /* gradient-background.png in Resources */,
				B5A430CA17EB776E00186956 /* borker.png in Resources */,
			);
			runOnlyForDeploymentPostprocessing = 0;
		};
/* End PBXResourcesBuildPhase section */

/* Begin PBXShellScriptBuildPhase section */
		B5910AD317E75C6D00B1B24C /* ShellScript */ = {
			isa = PBXShellScriptBuildPhase;
			buildActionMask = 2147483647;
			files = (
			);
			inputPaths = (
			);
			outputPaths = (
			);
			runOnlyForDeploymentPostprocessing = 0;
			shellPath = /bin/sh;
			shellScript = "# Run the unit tests in this test bundle.\n\"${SYSTEM_DEVELOPER_DIR}/Tools/RunUnitTests\"\n";
		};
/* End PBXShellScriptBuildPhase section */

/* Begin PBXSourcesBuildPhase section */
		B5910AAB17E75C6D00B1B24C /* Sources */ = {
			isa = PBXSourcesBuildPhase;
			buildActionMask = 2147483647;
			files = (
				B5910ABF17E75C6D00B1B24C /* main.m in Sources */,
				B5910AC317E75C6D00B1B24C /* BorkAppDelegate.m in Sources */,
				B5910ACF17E75C6D00B1B24C /* BorkViewController.m in Sources */,
				B572B85717E788BB00AF9DC0 /* BorkUser.m in Sources */,
				B572B85A17E78B7A00AF9DC0 /* BorkCell.m in Sources */,
				B572B85D17E89BB100AF9DC0 /* BorkUserNetwork.m in Sources */,
				B546D06E17E8EA7F0005477D /* BorkNetwork.m in Sources */,
				B5F418B317EA1B12001D71B7 /* LoginViewController.m in Sources */,
				B5F418B617EA2536001D71B7 /* NewBorkViewController.m in Sources */,
				B5F418BA17EA26CA001D71B7 /* BorkNavigationViewController.m in Sources */,
				B5A430C017EB745C00186956 /* Constants.m in Sources */,
				B5A430C317EB76E800186956 /* KeychainItemWrapper.m in Sources */,
			);
			runOnlyForDeploymentPostprocessing = 0;
		};
		B5910AD017E75C6D00B1B24C /* Sources */ = {
			isa = PBXSourcesBuildPhase;
			buildActionMask = 2147483647;
			files = (
				B5910AE417E75C6D00B1B24C /* BorkerTests.m in Sources */,
				B5A430C417EB76E800186956 /* KeychainItemWrapper.m in Sources */,
			);
			runOnlyForDeploymentPostprocessing = 0;
		};
/* End PBXSourcesBuildPhase section */

/* Begin PBXTargetDependency section */
		B5910ADB17E75C6D00B1B24C /* PBXTargetDependency */ = {
			isa = PBXTargetDependency;
			target = B5910AAE17E75C6D00B1B24C /* Borker */;
			targetProxy = B5910ADA17E75C6D00B1B24C /* PBXContainerItemProxy */;
		};
/* End PBXTargetDependency section */

/* Begin PBXVariantGroup section */
		B5910ABB17E75C6D00B1B24C /* InfoPlist.strings */ = {
			isa = PBXVariantGroup;
			children = (
				B5910ABC17E75C6D00B1B24C /* en */,
			);
			name = InfoPlist.strings;
			sourceTree = "<group>";
		};
		B5910ACA17E75C6D00B1B24C /* MainStoryboard.storyboard */ = {
			isa = PBXVariantGroup;
			children = (
				B5910ACB17E75C6D00B1B24C /* en */,
			);
			name = MainStoryboard.storyboard;
			sourceTree = "<group>";
		};
		B5910ADF17E75C6D00B1B24C /* InfoPlist.strings */ = {
			isa = PBXVariantGroup;
			children = (
				B5910AE017E75C6D00B1B24C /* en */,
			);
			name = InfoPlist.strings;
			sourceTree = "<group>";
		};
/* End PBXVariantGroup section */

/* Begin XCBuildConfiguration section */
		B5910AE517E75C6D00B1B24C /* Debug */ = {
			isa = XCBuildConfiguration;
			buildSettings = {
				ALWAYS_SEARCH_USER_PATHS = NO;
				CLANG_CXX_LANGUAGE_STANDARD = "gnu++0x";
				CLANG_CXX_LIBRARY = "libc++";
				CLANG_ENABLE_OBJC_ARC = YES;
				CLANG_WARN_CONSTANT_CONVERSION = YES;
				CLANG_WARN_EMPTY_BODY = YES;
				CLANG_WARN_ENUM_CONVERSION = YES;
				CLANG_WARN_INT_CONVERSION = YES;
				CLANG_WARN__DUPLICATE_METHOD_MATCH = YES;
				CODE_SIGN_IDENTITY = "iPhone Developer";
				"CODE_SIGN_IDENTITY[sdk=iphoneos*]" = "iPhone Developer";
				COPY_PHASE_STRIP = NO;
				GCC_C_LANGUAGE_STANDARD = gnu99;
				GCC_DYNAMIC_NO_PIC = NO;
				GCC_OPTIMIZATION_LEVEL = 0;
				GCC_PREPROCESSOR_DEFINITIONS = (
					"DEBUG=1",
					"$(inherited)",
				);
				GCC_SYMBOLS_PRIVATE_EXTERN = NO;
				GCC_WARN_ABOUT_RETURN_TYPE = YES;
				GCC_WARN_UNINITIALIZED_AUTOS = YES;
				GCC_WARN_UNUSED_VARIABLE = YES;
				IPHONEOS_DEPLOYMENT_TARGET = 6.1;
				ONLY_ACTIVE_ARCH = YES;
				PROVISIONING_PROFILE = "";
				SDKROOT = iphoneos;
			};
			name = Debug;
		};
		B5910AE617E75C6D00B1B24C /* Release */ = {
			isa = XCBuildConfiguration;
			buildSettings = {
				ALWAYS_SEARCH_USER_PATHS = NO;
				CLANG_CXX_LANGUAGE_STANDARD = "gnu++0x";
				CLANG_CXX_LIBRARY = "libc++";
				CLANG_ENABLE_OBJC_ARC = YES;
				CLANG_WARN_CONSTANT_CONVERSION = YES;
				CLANG_WARN_EMPTY_BODY = YES;
				CLANG_WARN_ENUM_CONVERSION = YES;
				CLANG_WARN_INT_CONVERSION = YES;
				CLANG_WARN__DUPLICATE_METHOD_MATCH = YES;
				CODE_SIGN_IDENTITY = "iPhone Distribution";
				"CODE_SIGN_IDENTITY[sdk=iphoneos*]" = "iPhone Distribution";
				COPY_PHASE_STRIP = YES;
				GCC_C_LANGUAGE_STANDARD = gnu99;
				GCC_WARN_ABOUT_RETURN_TYPE = YES;
				GCC_WARN_UNINITIALIZED_AUTOS = YES;
				GCC_WARN_UNUSED_VARIABLE = YES;
				IPHONEOS_DEPLOYMENT_TARGET = 6.1;
				OTHER_CFLAGS = "-DNS_BLOCK_ASSERTIONS=1";
				PROVISIONING_PROFILE = "";
				SDKROOT = iphoneos;
				VALIDATE_PRODUCT = YES;
			};
			name = Release;
		};
		B5910AE817E75C6D00B1B24C /* Debug */ = {
			isa = XCBuildConfiguration;
			buildSettings = {
				CODE_SIGN_IDENTITY = "iPhone Developer";
				"CODE_SIGN_IDENTITY[sdk=iphoneos*]" = "iPhone Developer";
				FRAMEWORK_SEARCH_PATHS = (
					"$(inherited)",
					"\"$(SRCROOT)/../../Downloads/STV 3.1.4 Lite/Static Frameworks\"",
					"\"$(SRCROOT)\"",
				);
				GCC_PRECOMPILE_PREFIX_HEADER = YES;
				GCC_PREFIX_HEADER = "Borker/Borker-Prefix.pch";
				INFOPLIST_FILE = "Borker/Borker-Info.plist";
				PRODUCT_NAME = "$(TARGET_NAME)";
				PROVISIONING_PROFILE = "";
				WRAPPER_EXTENSION = app;
			};
			name = Debug;
		};
		B5910AE917E75C6D00B1B24C /* Release */ = {
			isa = XCBuildConfiguration;
			buildSettings = {
				CODE_SIGN_IDENTITY = "iPhone Developer";
				"CODE_SIGN_IDENTITY[sdk=iphoneos*]" = "iPhone Developer";
				FRAMEWORK_SEARCH_PATHS = (
					"$(inherited)",
					"\"$(SRCROOT)/../../Downloads/STV 3.1.4 Lite/Static Frameworks\"",
					"\"$(SRCROOT)\"",
				);
				GCC_PRECOMPILE_PREFIX_HEADER = YES;
				GCC_PREFIX_HEADER = "Borker/Borker-Prefix.pch";
				INFOPLIST_FILE = "Borker/Borker-Info.plist";
				PRODUCT_NAME = "$(TARGET_NAME)";
				PROVISIONING_PROFILE = "";
				WRAPPER_EXTENSION = app;
			};
			name = Release;
		};
		B5910AEB17E75C6D00B1B24C /* Debug */ = {
			isa = XCBuildConfiguration;
			buildSettings = {
				BUNDLE_LOADER = "$(BUILT_PRODUCTS_DIR)/Borker.app/Borker";
				FRAMEWORK_SEARCH_PATHS = (
					"\"$(SDKROOT)/Developer/Library/Frameworks\"",
					"\"$(DEVELOPER_LIBRARY_DIR)/Frameworks\"",
					"\"$(SRCROOT)\"",
				);
				GCC_PRECOMPILE_PREFIX_HEADER = YES;
				GCC_PREFIX_HEADER = "Borker/Borker-Prefix.pch";
				INFOPLIST_FILE = "BorkerTests/BorkerTests-Info.plist";
				PRODUCT_NAME = "$(TARGET_NAME)";
				TEST_HOST = "$(BUNDLE_LOADER)";
				WRAPPER_EXTENSION = octest;
			};
			name = Debug;
		};
		B5910AEC17E75C6D00B1B24C /* Release */ = {
			isa = XCBuildConfiguration;
			buildSettings = {
				BUNDLE_LOADER = "$(BUILT_PRODUCTS_DIR)/Borker.app/Borker";
				FRAMEWORK_SEARCH_PATHS = (
					"\"$(SDKROOT)/Developer/Library/Frameworks\"",
					"\"$(DEVELOPER_LIBRARY_DIR)/Frameworks\"",
					"\"$(SRCROOT)\"",
				);
				GCC_PRECOMPILE_PREFIX_HEADER = YES;
				GCC_PREFIX_HEADER = "Borker/Borker-Prefix.pch";
				INFOPLIST_FILE = "BorkerTests/BorkerTests-Info.plist";
				PRODUCT_NAME = "$(TARGET_NAME)";
				TEST_HOST = "$(BUNDLE_LOADER)";
				WRAPPER_EXTENSION = octest;
			};
			name = Release;
		};
/* End XCBuildConfiguration section */

/* Begin XCConfigurationList section */
		B5910AAA17E75C6D00B1B24C /* Build configuration list for PBXProject "Borker" */ = {
			isa = XCConfigurationList;
			buildConfigurations = (
				B5910AE517E75C6D00B1B24C /* Debug */,
				B5910AE617E75C6D00B1B24C /* Release */,
			);
			defaultConfigurationIsVisible = 0;
			defaultConfigurationName = Release;
		};
		B5910AE717E75C6D00B1B24C /* Build configuration list for PBXNativeTarget "Borker" */ = {
			isa = XCConfigurationList;
			buildConfigurations = (
				B5910AE817E75C6D00B1B24C /* Debug */,
				B5910AE917E75C6D00B1B24C /* Release */,
			);
			defaultConfigurationIsVisible = 0;
			defaultConfigurationName = Release;
		};
		B5910AEA17E75C6D00B1B24C /* Build configuration list for PBXNativeTarget "BorkerTests" */ = {
			isa = XCConfigurationList;
			buildConfigurations = (
				B5910AEB17E75C6D00B1B24C /* Debug */,
				B5910AEC17E75C6D00B1B24C /* Release */,
			);
			defaultConfigurationIsVisible = 0;
			defaultConfigurationName = Release;
		};
/* End XCConfigurationList section */
	};
	rootObject = B5910AA717E75C6D00B1B24C /* Project object */;
}
